// !$*UTF8*$!
{
	archiveVersion = 1;
	classes = {
	};
	objectVersion = 46;
	objects = {

/* Begin PBXBuildFile section */
		ED3618991B96E00F0095E48A /* menu_collabo_icon_select.png in Resources */ = {isa = PBXBuildFile; fileRef = ED3618981B96E00F0095E48A /* menu_collabo_icon_select.png */; };
		ED36189E1B96E6050095E48A /* SideMenuTableViewController.m in Sources */ = {isa = PBXBuildFile; fileRef = ED36189D1B96E6050095E48A /* SideMenuTableViewController.m */; };
		ED3618A21B96F64A0095E48A /* alarm_icon.png in Resources */ = {isa = PBXBuildFile; fileRef = ED3618A11B96F64A0095E48A /* alarm_icon.png */; };
		ED3618A41B96FB6A0095E48A /* 11700962_513955532093586_794883947600057880_n.jpg in Resources */ = {isa = PBXBuildFile; fileRef = ED3618A31B96FB6A0095E48A /* 11700962_513955532093586_794883947600057880_n.jpg */; };
		ED3618A71B96FB8F0095E48A /* CustomTableViewCell.m in Sources */ = {isa = PBXBuildFile; fileRef = ED3618A61B96FB8F0095E48A /* CustomTableViewCell.m */; };
		ED6B08C41B97D7B9009068E9 /* initiation_bg.png in Resources */ = {isa = PBXBuildFile; fileRef = ED6B08C31B97D7B9009068E9 /* initiation_bg.png */; };
		ED6B08CD1B97ED0E009068E9 /* DetailViewController.m in Sources */ = {isa = PBXBuildFile; fileRef = ED6B08CC1B97ED0E009068E9 /* DetailViewController.m */; };
		ED6B08D51B97F35A009068E9 /* back_arrow_icon.png in Resources */ = {isa = PBXBuildFile; fileRef = ED6B08D41B97F35A009068E9 /* back_arrow_icon.png */; };
		ED6B08D71B97FAD9009068E9 /* facebook.png in Resources */ = {isa = PBXBuildFile; fileRef = ED6B08D61B97FAD9009068E9 /* facebook.png */; };
		ED6B08D91B97FB20009068E9 /* menu.png in Resources */ = {isa = PBXBuildFile; fileRef = ED6B08D81B97FB20009068E9 /* menu.png */; };
		ED6B08E51B9803ED009068E9 /* GITSImageSlideViewController.swift in Sources */ = {isa = PBXBuildFile; fileRef = ED6B08E41B9803ED009068E9 /* GITSImageSlideViewController.swift */; };
		ED6B08E81B9809E1009068E9 /* CustomDetailTableViewCell.m in Sources */ = {isa = PBXBuildFile; fileRef = ED6B08E71B9809E1009068E9 /* CustomDetailTableViewCell.m */; };
		ED8761781B9EE8EB00C0E7BE /* GITSRefreshAndLoadMore.m in Sources */ = {isa = PBXBuildFile; fileRef = ED8761771B9EE8EB00C0E7BE /* GITSRefreshAndLoadMore.m */; };
		ED87617F1B9EEADB00C0E7BE /* load_01.png in Resources */ = {isa = PBXBuildFile; fileRef = ED8761791B9EEADB00C0E7BE /* load_01.png */; };
		ED8761801B9EEADB00C0E7BE /* load_02.png in Resources */ = {isa = PBXBuildFile; fileRef = ED87617A1B9EEADB00C0E7BE /* load_02.png */; };
		ED8761811B9EEADB00C0E7BE /* load_03.png in Resources */ = {isa = PBXBuildFile; fileRef = ED87617B1B9EEADB00C0E7BE /* load_03.png */; };
		ED8761821B9EEADB00C0E7BE /* load_04.png in Resources */ = {isa = PBXBuildFile; fileRef = ED87617C1B9EEADB00C0E7BE /* load_04.png */; };
		ED8761831B9EEADB00C0E7BE /* load_05.png in Resources */ = {isa = PBXBuildFile; fileRef = ED87617D1B9EEADB00C0E7BE /* load_05.png */; };
		ED8761841B9EEADB00C0E7BE /* load_06.png in Resources */ = {isa = PBXBuildFile; fileRef = ED87617E1B9EEADB00C0E7BE /* load_06.png */; };
		ED94010F1B96D467001BCE2D /* main.m in Sources */ = {isa = PBXBuildFile; fileRef = ED94010E1B96D467001BCE2D /* main.m */; };
		ED9401121B96D467001BCE2D /* AppDelegate.m in Sources */ = {isa = PBXBuildFile; fileRef = ED9401111B96D467001BCE2D /* AppDelegate.m */; };
		ED9401181B96D467001BCE2D /* Main.storyboard in Resources */ = {isa = PBXBuildFile; fileRef = ED9401161B96D467001BCE2D /* Main.storyboard */; };
		ED94011A1B96D467001BCE2D /* Images.xcassets in Resources */ = {isa = PBXBuildFile; fileRef = ED9401191B96D467001BCE2D /* Images.xcassets */; };
		ED94011D1B96D467001BCE2D /* LaunchScreen.xib in Resources */ = {isa = PBXBuildFile; fileRef = ED94011B1B96D467001BCE2D /* LaunchScreen.xib */; };
		ED9401291B96D467001BCE2D /* Senate_NewsTests.m in Sources */ = {isa = PBXBuildFile; fileRef = ED9401281B96D467001BCE2D /* Senate_NewsTests.m */; };
		ED9401401B96D4BA001BCE2D /* HomeViewController.m in Sources */ = {isa = PBXBuildFile; fileRef = ED94013F1B96D4BA001BCE2D /* HomeViewController.m */; };
		ED9401431B96D687001BCE2D /* Search Filled-50.png in Resources */ = {isa = PBXBuildFile; fileRef = ED9401411B96D687001BCE2D /* Search Filled-50.png */; };
		ED9401441B96D687001BCE2D /* Search-50.png in Resources */ = {isa = PBXBuildFile; fileRef = ED9401421B96D687001BCE2D /* Search-50.png */; };
		ED94014B1B96D871001BCE2D /* Menu Filled-50.png in Resources */ = {isa = PBXBuildFile; fileRef = ED9401491B96D871001BCE2D /* Menu Filled-50.png */; };
		ED94014C1B96D871001BCE2D /* Menu-50.png in Resources */ = {isa = PBXBuildFile; fileRef = ED94014A1B96D871001BCE2D /* Menu-50.png */; };
		ED94FDD01B9831D2006A257E /* MKAnnotationView+WebCache.m in Sources */ = {isa = PBXBuildFile; fileRef = ED94FDB01B9831D2006A257E /* MKAnnotationView+WebCache.m */; };
		ED94FDD11B9831D2006A257E /* NSData+ImageContentType.m in Sources */ = {isa = PBXBuildFile; fileRef = ED94FDB21B9831D2006A257E /* NSData+ImageContentType.m */; };
		ED94FDD21B9831D2006A257E /* SDImageCache.m in Sources */ = {isa = PBXBuildFile; fileRef = ED94FDB41B9831D2006A257E /* SDImageCache.m */; };
		ED94FDD31B9831D2006A257E /* SDWebImageCompat.m in Sources */ = {isa = PBXBuildFile; fileRef = ED94FDB61B9831D2006A257E /* SDWebImageCompat.m */; };
		ED94FDD41B9831D2006A257E /* SDWebImageDecoder.m in Sources */ = {isa = PBXBuildFile; fileRef = ED94FDB81B9831D2006A257E /* SDWebImageDecoder.m */; };
		ED94FDD51B9831D2006A257E /* SDWebImageDownloader.m in Sources */ = {isa = PBXBuildFile; fileRef = ED94FDBA1B9831D2006A257E /* SDWebImageDownloader.m */; };
		ED94FDD61B9831D2006A257E /* SDWebImageDownloaderOperation.m in Sources */ = {isa = PBXBuildFile; fileRef = ED94FDBC1B9831D2006A257E /* SDWebImageDownloaderOperation.m */; };
		ED94FDD71B9831D2006A257E /* SDWebImageManager.m in Sources */ = {isa = PBXBuildFile; fileRef = ED94FDBE1B9831D2006A257E /* SDWebImageManager.m */; };
		ED94FDD81B9831D2006A257E /* SDWebImagePrefetcher.m in Sources */ = {isa = PBXBuildFile; fileRef = ED94FDC11B9831D2006A257E /* SDWebImagePrefetcher.m */; };
		ED94FDD91B9831D2006A257E /* UIButton+WebCache.m in Sources */ = {isa = PBXBuildFile; fileRef = ED94FDC31B9831D2006A257E /* UIButton+WebCache.m */; };
		ED94FDDA1B9831D2006A257E /* UIImage+GIF.m in Sources */ = {isa = PBXBuildFile; fileRef = ED94FDC51B9831D2006A257E /* UIImage+GIF.m */; };
		ED94FDDB1B9831D2006A257E /* UIImage+MultiFormat.m in Sources */ = {isa = PBXBuildFile; fileRef = ED94FDC71B9831D2006A257E /* UIImage+MultiFormat.m */; };
		ED94FDDC1B9831D2006A257E /* UIImage+WebP.m in Sources */ = {isa = PBXBuildFile; fileRef = ED94FDC91B9831D2006A257E /* UIImage+WebP.m */; };
		ED94FDDD1B9831D2006A257E /* UIImageView+HighlightedWebCache.m in Sources */ = {isa = PBXBuildFile; fileRef = ED94FDCB1B9831D2006A257E /* UIImageView+HighlightedWebCache.m */; };
		ED94FDDE1B9831D2006A257E /* UIImageView+WebCache.m in Sources */ = {isa = PBXBuildFile; fileRef = ED94FDCD1B9831D2006A257E /* UIImageView+WebCache.m */; };
		ED94FDDF1B9831D2006A257E /* UIView+WebCacheOperation.m in Sources */ = {isa = PBXBuildFile; fileRef = ED94FDCF1B9831D2006A257E /* UIView+WebCacheOperation.m */; };
		ED94FDE11B9834A1006A257E /* none_photo.png in Resources */ = {isa = PBXBuildFile; fileRef = ED94FDE01B9834A1006A257E /* none_photo.png */; };
		ED94FDE31B9842F7006A257E /* photo_page_icon.png in Resources */ = {isa = PBXBuildFile; fileRef = ED94FDE21B9842F7006A257E /* photo_page_icon.png */; };
		EDA3BF5B1B994AA500F8334B /* ShareObject.m in Sources */ = {isa = PBXBuildFile; fileRef = EDA3BF5A1B994AA500F8334B /* ShareObject.m */; };
		EDA3BF5E1B994C4A00F8334B /* AppUtils.m in Sources */ = {isa = PBXBuildFile; fileRef = EDA3BF5D1B994C4A00F8334B /* AppUtils.m */; };
		EDA852D81B982DDF009C2B92 /* SWRevealViewController.m in Sources */ = {isa = PBXBuildFile; fileRef = EDA852D71B982DDF009C2B92 /* SWRevealViewController.m */; };
		EDD15FDD1B9D936F00D46393 /* ConnectionManager.m in Sources */ = {isa = PBXBuildFile; fileRef = EDD15FDC1B9D936F00D46393 /* ConnectionManager.m */; };
		EDE27ABF1B9E97EA000AB507 /* MyViewController.m in Sources */ = {isa = PBXBuildFile; fileRef = EDE27ABE1B9E97EA000AB507 /* MyViewController.m */; };
		EDE27AC31B9ED235000AB507 /* MBProgressHUD.m in Sources */ = {isa = PBXBuildFile; fileRef = EDE27AC21B9ED235000AB507 /* MBProgressHUD.m */; };
		FD2771F71B9877DB005906D4 /* Reachability.m in Sources */ = {isa = PBXBuildFile; fileRef = FD2771F61B9877DB005906D4 /* Reachability.m */; };
		FD5C1EC11BA11C7400C79177 /* Social.framework in Frameworks */ = {isa = PBXBuildFile; fileRef = FD5C1EC01BA11C7400C79177 /* Social.framework */; };
		FD5C1ECC1BA16F7500C79177 /* DXPopover.m in Sources */ = {isa = PBXBuildFile; fileRef = FD5C1ECB1BA16F7500C79177 /* DXPopover.m */; };
		FDD0A4AF1BA277320046F4CE /* date_icon.png in Resources */ = {isa = PBXBuildFile; fileRef = FDD0A4AC1BA277320046F4CE /* date_icon.png */; };
		FDD0A4B51BA286270046F4CE /* author_icon.png in Resources */ = {isa = PBXBuildFile; fileRef = FDD0A4B21BA286270046F4CE /* author_icon.png */; };
		FDD0A4B61BA286270046F4CE /* character_icon.png in Resources */ = {isa = PBXBuildFile; fileRef = FDD0A4B31BA286270046F4CE /* character_icon.png */; };
		FDD0A4B71BA286270046F4CE /* id_icon.png in Resources */ = {isa = PBXBuildFile; fileRef = FDD0A4B41BA286270046F4CE /* id_icon.png */; };
/* End PBXBuildFile section */

/* Begin PBXContainerItemProxy section */
		ED9401231B96D467001BCE2D /* PBXContainerItemProxy */ = {
			isa = PBXContainerItemProxy;
			containerPortal = ED9401011B96D466001BCE2D /* Project object */;
			proxyType = 1;
			remoteGlobalIDString = ED9401081B96D467001BCE2D;
			remoteInfo = "Senate News";
		};
/* End PBXContainerItemProxy section */

/* Begin PBXFileReference section */
		ED3618981B96E00F0095E48A /* menu_collabo_icon_select.png */ = {isa = PBXFileReference; lastKnownFileType = image.png; path = menu_collabo_icon_select.png; sourceTree = "<group>"; };
		ED36189C1B96E6050095E48A /* SideMenuTableViewController.h */ = {isa = PBXFileReference; fileEncoding = 4; lastKnownFileType = sourcecode.c.h; path = SideMenuTableViewController.h; sourceTree = "<group>"; };
		ED36189D1B96E6050095E48A /* SideMenuTableViewController.m */ = {isa = PBXFileReference; fileEncoding = 4; lastKnownFileType = sourcecode.c.objc; path = SideMenuTableViewController.m; sourceTree = "<group>"; };
		ED3618A11B96F64A0095E48A /* alarm_icon.png */ = {isa = PBXFileReference; lastKnownFileType = image.png; path = alarm_icon.png; sourceTree = "<group>"; };
		ED3618A31B96FB6A0095E48A /* 11700962_513955532093586_794883947600057880_n.jpg */ = {isa = PBXFileReference; lastKnownFileType = image.jpeg; path = 11700962_513955532093586_794883947600057880_n.jpg; sourceTree = "<group>"; };
		ED3618A51B96FB8F0095E48A /* CustomTableViewCell.h */ = {isa = PBXFileReference; fileEncoding = 4; lastKnownFileType = sourcecode.c.h; path = CustomTableViewCell.h; sourceTree = "<group>"; };
		ED3618A61B96FB8F0095E48A /* CustomTableViewCell.m */ = {isa = PBXFileReference; fileEncoding = 4; lastKnownFileType = sourcecode.c.objc; path = CustomTableViewCell.m; sourceTree = "<group>"; };
		ED6B08C31B97D7B9009068E9 /* initiation_bg.png */ = {isa = PBXFileReference; lastKnownFileType = image.png; path = initiation_bg.png; sourceTree = "<group>"; };
		ED6B08CB1B97ED0E009068E9 /* DetailViewController.h */ = {isa = PBXFileReference; fileEncoding = 4; lastKnownFileType = sourcecode.c.h; path = DetailViewController.h; sourceTree = "<group>"; };
		ED6B08CC1B97ED0E009068E9 /* DetailViewController.m */ = {isa = PBXFileReference; fileEncoding = 4; lastKnownFileType = sourcecode.c.objc; path = DetailViewController.m; sourceTree = "<group>"; };
		ED6B08D41B97F35A009068E9 /* back_arrow_icon.png */ = {isa = PBXFileReference; lastKnownFileType = image.png; path = back_arrow_icon.png; sourceTree = "<group>"; };
		ED6B08D61B97FAD9009068E9 /* facebook.png */ = {isa = PBXFileReference; lastKnownFileType = image.png; path = facebook.png; sourceTree = "<group>"; };
		ED6B08D81B97FB20009068E9 /* menu.png */ = {isa = PBXFileReference; lastKnownFileType = image.png; path = menu.png; sourceTree = "<group>"; };
		ED6B08E31B9803ED009068E9 /* Senate News-Bridging-Header.h */ = {isa = PBXFileReference; lastKnownFileType = sourcecode.c.h; path = "Senate News-Bridging-Header.h"; sourceTree = "<group>"; };
		ED6B08E41B9803ED009068E9 /* GITSImageSlideViewController.swift */ = {isa = PBXFileReference; fileEncoding = 4; lastKnownFileType = sourcecode.swift; path = GITSImageSlideViewController.swift; sourceTree = "<group>"; };
		ED6B08E61B9809E1009068E9 /* CustomDetailTableViewCell.h */ = {isa = PBXFileReference; fileEncoding = 4; lastKnownFileType = sourcecode.c.h; path = CustomDetailTableViewCell.h; sourceTree = "<group>"; };
		ED6B08E71B9809E1009068E9 /* CustomDetailTableViewCell.m */ = {isa = PBXFileReference; fileEncoding = 4; lastKnownFileType = sourcecode.c.objc; path = CustomDetailTableViewCell.m; sourceTree = "<group>"; };
		ED8761761B9EE8EB00C0E7BE /* GITSRefreshAndLoadMore.h */ = {isa = PBXFileReference; fileEncoding = 4; lastKnownFileType = sourcecode.c.h; path = GITSRefreshAndLoadMore.h; sourceTree = "<group>"; };
		ED8761771B9EE8EB00C0E7BE /* GITSRefreshAndLoadMore.m */ = {isa = PBXFileReference; fileEncoding = 4; lastKnownFileType = sourcecode.c.objc; path = GITSRefreshAndLoadMore.m; sourceTree = "<group>"; };
		ED8761791B9EEADB00C0E7BE /* load_01.png */ = {isa = PBXFileReference; lastKnownFileType = image.png; path = load_01.png; sourceTree = "<group>"; };
		ED87617A1B9EEADB00C0E7BE /* load_02.png */ = {isa = PBXFileReference; lastKnownFileType = image.png; path = load_02.png; sourceTree = "<group>"; };
		ED87617B1B9EEADB00C0E7BE /* load_03.png */ = {isa = PBXFileReference; lastKnownFileType = image.png; path = load_03.png; sourceTree = "<group>"; };
		ED87617C1B9EEADB00C0E7BE /* load_04.png */ = {isa = PBXFileReference; lastKnownFileType = image.png; path = load_04.png; sourceTree = "<group>"; };
		ED87617D1B9EEADB00C0E7BE /* load_05.png */ = {isa = PBXFileReference; lastKnownFileType = image.png; path = load_05.png; sourceTree = "<group>"; };
		ED87617E1B9EEADB00C0E7BE /* load_06.png */ = {isa = PBXFileReference; lastKnownFileType = image.png; path = load_06.png; sourceTree = "<group>"; };
		ED9401091B96D467001BCE2D /* Senate News.app */ = {isa = PBXFileReference; explicitFileType = wrapper.application; includeInIndex = 0; path = "Senate News.app"; sourceTree = BUILT_PRODUCTS_DIR; };
		ED94010D1B96D467001BCE2D /* Info.plist */ = {isa = PBXFileReference; lastKnownFileType = text.plist.xml; path = Info.plist; sourceTree = "<group>"; };
		ED94010E1B96D467001BCE2D /* main.m */ = {isa = PBXFileReference; lastKnownFileType = sourcecode.c.objc; path = main.m; sourceTree = "<group>"; };
		ED9401101B96D467001BCE2D /* AppDelegate.h */ = {isa = PBXFileReference; lastKnownFileType = sourcecode.c.h; path = AppDelegate.h; sourceTree = "<group>"; };
		ED9401111B96D467001BCE2D /* AppDelegate.m */ = {isa = PBXFileReference; lastKnownFileType = sourcecode.c.objc; path = AppDelegate.m; sourceTree = "<group>"; };
		ED9401171B96D467001BCE2D /* Base */ = {isa = PBXFileReference; lastKnownFileType = file.storyboard; name = Base; path = Base.lproj/Main.storyboard; sourceTree = "<group>"; };
		ED9401191B96D467001BCE2D /* Images.xcassets */ = {isa = PBXFileReference; lastKnownFileType = folder.assetcatalog; path = Images.xcassets; sourceTree = "<group>"; };
		ED94011C1B96D467001BCE2D /* Base */ = {isa = PBXFileReference; lastKnownFileType = file.xib; name = Base; path = Base.lproj/LaunchScreen.xib; sourceTree = "<group>"; };
		ED9401221B96D467001BCE2D /* Senate NewsTests.xctest */ = {isa = PBXFileReference; explicitFileType = wrapper.cfbundle; includeInIndex = 0; path = "Senate NewsTests.xctest"; sourceTree = BUILT_PRODUCTS_DIR; };
		ED9401271B96D467001BCE2D /* Info.plist */ = {isa = PBXFileReference; lastKnownFileType = text.plist.xml; path = Info.plist; sourceTree = "<group>"; };
		ED9401281B96D467001BCE2D /* Senate_NewsTests.m */ = {isa = PBXFileReference; lastKnownFileType = sourcecode.c.objc; path = Senate_NewsTests.m; sourceTree = "<group>"; };
		ED94013E1B96D4BA001BCE2D /* HomeViewController.h */ = {isa = PBXFileReference; fileEncoding = 4; lastKnownFileType = sourcecode.c.h; path = HomeViewController.h; sourceTree = "<group>"; };
		ED94013F1B96D4BA001BCE2D /* HomeViewController.m */ = {isa = PBXFileReference; fileEncoding = 4; lastKnownFileType = sourcecode.c.objc; path = HomeViewController.m; sourceTree = "<group>"; };
		ED9401411B96D687001BCE2D /* Search Filled-50.png */ = {isa = PBXFileReference; lastKnownFileType = image.png; path = "Search Filled-50.png"; sourceTree = "<group>"; };
		ED9401421B96D687001BCE2D /* Search-50.png */ = {isa = PBXFileReference; lastKnownFileType = image.png; path = "Search-50.png"; sourceTree = "<group>"; };
		ED9401491B96D871001BCE2D /* Menu Filled-50.png */ = {isa = PBXFileReference; lastKnownFileType = image.png; path = "Menu Filled-50.png"; sourceTree = "<group>"; };
		ED94014A1B96D871001BCE2D /* Menu-50.png */ = {isa = PBXFileReference; lastKnownFileType = image.png; path = "Menu-50.png"; sourceTree = "<group>"; };
		ED94FDAF1B9831D2006A257E /* MKAnnotationView+WebCache.h */ = {isa = PBXFileReference; fileEncoding = 4; lastKnownFileType = sourcecode.c.h; path = "MKAnnotationView+WebCache.h"; sourceTree = "<group>"; };
		ED94FDB01B9831D2006A257E /* MKAnnotationView+WebCache.m */ = {isa = PBXFileReference; fileEncoding = 4; lastKnownFileType = sourcecode.c.objc; path = "MKAnnotationView+WebCache.m"; sourceTree = "<group>"; };
		ED94FDB11B9831D2006A257E /* NSData+ImageContentType.h */ = {isa = PBXFileReference; fileEncoding = 4; lastKnownFileType = sourcecode.c.h; path = "NSData+ImageContentType.h"; sourceTree = "<group>"; };
		ED94FDB21B9831D2006A257E /* NSData+ImageContentType.m */ = {isa = PBXFileReference; fileEncoding = 4; lastKnownFileType = sourcecode.c.objc; path = "NSData+ImageContentType.m"; sourceTree = "<group>"; };
		ED94FDB31B9831D2006A257E /* SDImageCache.h */ = {isa = PBXFileReference; fileEncoding = 4; lastKnownFileType = sourcecode.c.h; path = SDImageCache.h; sourceTree = "<group>"; };
		ED94FDB41B9831D2006A257E /* SDImageCache.m */ = {isa = PBXFileReference; fileEncoding = 4; lastKnownFileType = sourcecode.c.objc; path = SDImageCache.m; sourceTree = "<group>"; };
		ED94FDB51B9831D2006A257E /* SDWebImageCompat.h */ = {isa = PBXFileReference; fileEncoding = 4; lastKnownFileType = sourcecode.c.h; path = SDWebImageCompat.h; sourceTree = "<group>"; };
		ED94FDB61B9831D2006A257E /* SDWebImageCompat.m */ = {isa = PBXFileReference; fileEncoding = 4; lastKnownFileType = sourcecode.c.objc; path = SDWebImageCompat.m; sourceTree = "<group>"; };
		ED94FDB71B9831D2006A257E /* SDWebImageDecoder.h */ = {isa = PBXFileReference; fileEncoding = 4; lastKnownFileType = sourcecode.c.h; path = SDWebImageDecoder.h; sourceTree = "<group>"; };
		ED94FDB81B9831D2006A257E /* SDWebImageDecoder.m */ = {isa = PBXFileReference; fileEncoding = 4; lastKnownFileType = sourcecode.c.objc; path = SDWebImageDecoder.m; sourceTree = "<group>"; };
		ED94FDB91B9831D2006A257E /* SDWebImageDownloader.h */ = {isa = PBXFileReference; fileEncoding = 4; lastKnownFileType = sourcecode.c.h; path = SDWebImageDownloader.h; sourceTree = "<group>"; };
		ED94FDBA1B9831D2006A257E /* SDWebImageDownloader.m */ = {isa = PBXFileReference; fileEncoding = 4; lastKnownFileType = sourcecode.c.objc; path = SDWebImageDownloader.m; sourceTree = "<group>"; };
		ED94FDBB1B9831D2006A257E /* SDWebImageDownloaderOperation.h */ = {isa = PBXFileReference; fileEncoding = 4; lastKnownFileType = sourcecode.c.h; path = SDWebImageDownloaderOperation.h; sourceTree = "<group>"; };
		ED94FDBC1B9831D2006A257E /* SDWebImageDownloaderOperation.m */ = {isa = PBXFileReference; fileEncoding = 4; lastKnownFileType = sourcecode.c.objc; path = SDWebImageDownloaderOperation.m; sourceTree = "<group>"; };
		ED94FDBD1B9831D2006A257E /* SDWebImageManager.h */ = {isa = PBXFileReference; fileEncoding = 4; lastKnownFileType = sourcecode.c.h; path = SDWebImageManager.h; sourceTree = "<group>"; };
		ED94FDBE1B9831D2006A257E /* SDWebImageManager.m */ = {isa = PBXFileReference; fileEncoding = 4; lastKnownFileType = sourcecode.c.objc; path = SDWebImageManager.m; sourceTree = "<group>"; };
		ED94FDBF1B9831D2006A257E /* SDWebImageOperation.h */ = {isa = PBXFileReference; fileEncoding = 4; lastKnownFileType = sourcecode.c.h; path = SDWebImageOperation.h; sourceTree = "<group>"; };
		ED94FDC01B9831D2006A257E /* SDWebImagePrefetcher.h */ = {isa = PBXFileReference; fileEncoding = 4; lastKnownFileType = sourcecode.c.h; path = SDWebImagePrefetcher.h; sourceTree = "<group>"; };
		ED94FDC11B9831D2006A257E /* SDWebImagePrefetcher.m */ = {isa = PBXFileReference; fileEncoding = 4; lastKnownFileType = sourcecode.c.objc; path = SDWebImagePrefetcher.m; sourceTree = "<group>"; };
		ED94FDC21B9831D2006A257E /* UIButton+WebCache.h */ = {isa = PBXFileReference; fileEncoding = 4; lastKnownFileType = sourcecode.c.h; path = "UIButton+WebCache.h"; sourceTree = "<group>"; };
		ED94FDC31B9831D2006A257E /* UIButton+WebCache.m */ = {isa = PBXFileReference; fileEncoding = 4; lastKnownFileType = sourcecode.c.objc; path = "UIButton+WebCache.m"; sourceTree = "<group>"; };
		ED94FDC41B9831D2006A257E /* UIImage+GIF.h */ = {isa = PBXFileReference; fileEncoding = 4; lastKnownFileType = sourcecode.c.h; path = "UIImage+GIF.h"; sourceTree = "<group>"; };
		ED94FDC51B9831D2006A257E /* UIImage+GIF.m */ = {isa = PBXFileReference; fileEncoding = 4; lastKnownFileType = sourcecode.c.objc; path = "UIImage+GIF.m"; sourceTree = "<group>"; };
		ED94FDC61B9831D2006A257E /* UIImage+MultiFormat.h */ = {isa = PBXFileReference; fileEncoding = 4; lastKnownFileType = sourcecode.c.h; path = "UIImage+MultiFormat.h"; sourceTree = "<group>"; };
		ED94FDC71B9831D2006A257E /* UIImage+MultiFormat.m */ = {isa = PBXFileReference; fileEncoding = 4; lastKnownFileType = sourcecode.c.objc; path = "UIImage+MultiFormat.m"; sourceTree = "<group>"; };
		ED94FDC81B9831D2006A257E /* UIImage+WebP.h */ = {isa = PBXFileReference; fileEncoding = 4; lastKnownFileType = sourcecode.c.h; path = "UIImage+WebP.h"; sourceTree = "<group>"; };
		ED94FDC91B9831D2006A257E /* UIImage+WebP.m */ = {isa = PBXFileReference; fileEncoding = 4; lastKnownFileType = sourcecode.c.objc; path = "UIImage+WebP.m"; sourceTree = "<group>"; };
		ED94FDCA1B9831D2006A257E /* UIImageView+HighlightedWebCache.h */ = {isa = PBXFileReference; fileEncoding = 4; lastKnownFileType = sourcecode.c.h; path = "UIImageView+HighlightedWebCache.h"; sourceTree = "<group>"; };
		ED94FDCB1B9831D2006A257E /* UIImageView+HighlightedWebCache.m */ = {isa = PBXFileReference; fileEncoding = 4; lastKnownFileType = sourcecode.c.objc; path = "UIImageView+HighlightedWebCache.m"; sourceTree = "<group>"; };
		ED94FDCC1B9831D2006A257E /* UIImageView+WebCache.h */ = {isa = PBXFileReference; fileEncoding = 4; lastKnownFileType = sourcecode.c.h; path = "UIImageView+WebCache.h"; sourceTree = "<group>"; };
		ED94FDCD1B9831D2006A257E /* UIImageView+WebCache.m */ = {isa = PBXFileReference; fileEncoding = 4; lastKnownFileType = sourcecode.c.objc; path = "UIImageView+WebCache.m"; sourceTree = "<group>"; };
		ED94FDCE1B9831D2006A257E /* UIView+WebCacheOperation.h */ = {isa = PBXFileReference; fileEncoding = 4; lastKnownFileType = sourcecode.c.h; path = "UIView+WebCacheOperation.h"; sourceTree = "<group>"; };
		ED94FDCF1B9831D2006A257E /* UIView+WebCacheOperation.m */ = {isa = PBXFileReference; fileEncoding = 4; lastKnownFileType = sourcecode.c.objc; path = "UIView+WebCacheOperation.m"; sourceTree = "<group>"; };
		ED94FDE01B9834A1006A257E /* none_photo.png */ = {isa = PBXFileReference; lastKnownFileType = image.png; path = none_photo.png; sourceTree = "<group>"; };
		ED94FDE21B9842F7006A257E /* photo_page_icon.png */ = {isa = PBXFileReference; lastKnownFileType = image.png; path = photo_page_icon.png; sourceTree = "<group>"; };
		EDA3BF591B994AA500F8334B /* ShareObject.h */ = {isa = PBXFileReference; fileEncoding = 4; lastKnownFileType = sourcecode.c.h; path = ShareObject.h; sourceTree = "<group>"; };
		EDA3BF5A1B994AA500F8334B /* ShareObject.m */ = {isa = PBXFileReference; fileEncoding = 4; lastKnownFileType = sourcecode.c.objc; path = ShareObject.m; sourceTree = "<group>"; };
		EDA3BF5C1B994C4A00F8334B /* AppUtils.h */ = {isa = PBXFileReference; fileEncoding = 4; lastKnownFileType = sourcecode.c.h; path = AppUtils.h; sourceTree = "<group>"; };
		EDA3BF5D1B994C4A00F8334B /* AppUtils.m */ = {isa = PBXFileReference; fileEncoding = 4; lastKnownFileType = sourcecode.c.objc; path = AppUtils.m; sourceTree = "<group>"; };
		EDA852D61B982DDF009C2B92 /* SWRevealViewController.h */ = {isa = PBXFileReference; fileEncoding = 4; lastKnownFileType = sourcecode.c.h; path = SWRevealViewController.h; sourceTree = "<group>"; };
		EDA852D71B982DDF009C2B92 /* SWRevealViewController.m */ = {isa = PBXFileReference; fileEncoding = 4; lastKnownFileType = sourcecode.c.objc; path = SWRevealViewController.m; sourceTree = "<group>"; };
		EDD15FDB1B9D936F00D46393 /* ConnectionManager.h */ = {isa = PBXFileReference; fileEncoding = 4; lastKnownFileType = sourcecode.c.h; path = ConnectionManager.h; sourceTree = "<group>"; };
		EDD15FDC1B9D936F00D46393 /* ConnectionManager.m */ = {isa = PBXFileReference; fileEncoding = 4; lastKnownFileType = sourcecode.c.objc; path = ConnectionManager.m; sourceTree = "<group>"; };
		EDE27ABD1B9E97EA000AB507 /* MyViewController.h */ = {isa = PBXFileReference; fileEncoding = 4; lastKnownFileType = sourcecode.c.h; path = MyViewController.h; sourceTree = "<group>"; };
		EDE27ABE1B9E97EA000AB507 /* MyViewController.m */ = {isa = PBXFileReference; fileEncoding = 4; lastKnownFileType = sourcecode.c.objc; path = MyViewController.m; sourceTree = "<group>"; };
		EDE27AC11B9ED235000AB507 /* MBProgressHUD.h */ = {isa = PBXFileReference; fileEncoding = 4; lastKnownFileType = sourcecode.c.h; path = MBProgressHUD.h; sourceTree = "<group>"; };
		EDE27AC21B9ED235000AB507 /* MBProgressHUD.m */ = {isa = PBXFileReference; fileEncoding = 4; lastKnownFileType = sourcecode.c.objc; path = MBProgressHUD.m; sourceTree = "<group>"; };
		FD2771F51B9877DB005906D4 /* Reachability.h */ = {isa = PBXFileReference; fileEncoding = 4; lastKnownFileType = sourcecode.c.h; path = Reachability.h; sourceTree = "<group>"; };
		FD2771F61B9877DB005906D4 /* Reachability.m */ = {isa = PBXFileReference; fileEncoding = 4; lastKnownFileType = sourcecode.c.objc; path = Reachability.m; sourceTree = "<group>"; };
		FD5C1EC01BA11C7400C79177 /* Social.framework */ = {isa = PBXFileReference; lastKnownFileType = wrapper.framework; name = Social.framework; path = System/Library/Frameworks/Social.framework; sourceTree = SDKROOT; };
		FD5C1ECA1BA16F7500C79177 /* DXPopover.h */ = {isa = PBXFileReference; fileEncoding = 4; lastKnownFileType = sourcecode.c.h; path = DXPopover.h; sourceTree = "<group>"; };
		FD5C1ECB1BA16F7500C79177 /* DXPopover.m */ = {isa = PBXFileReference; fileEncoding = 4; lastKnownFileType = sourcecode.c.objc; path = DXPopover.m; sourceTree = "<group>"; };
		FDD0A4AC1BA277320046F4CE /* date_icon.png */ = {isa = PBXFileReference; lastKnownFileType = image.png; path = date_icon.png; sourceTree = "<group>"; };
		FDD0A4B21BA286270046F4CE /* author_icon.png */ = {isa = PBXFileReference; lastKnownFileType = image.png; path = author_icon.png; sourceTree = "<group>"; };
		FDD0A4B31BA286270046F4CE /* character_icon.png */ = {isa = PBXFileReference; lastKnownFileType = image.png; path = character_icon.png; sourceTree = "<group>"; };
		FDD0A4B41BA286270046F4CE /* id_icon.png */ = {isa = PBXFileReference; lastKnownFileType = image.png; path = id_icon.png; sourceTree = "<group>"; };
/* End PBXFileReference section */

/* Begin PBXFrameworksBuildPhase section */
		ED9401061B96D467001BCE2D /* Frameworks */ = {
			isa = PBXFrameworksBuildPhase;
			buildActionMask = 2147483647;
			files = (
				FD5C1EC11BA11C7400C79177 /* Social.framework in Frameworks */,
			);
			runOnlyForDeploymentPostprocessing = 0;
		};
		ED94011F1B96D467001BCE2D /* Frameworks */ = {
			isa = PBXFrameworksBuildPhase;
			buildActionMask = 2147483647;
			files = (
			);
			runOnlyForDeploymentPostprocessing = 0;
		};
/* End PBXFrameworksBuildPhase section */

/* Begin PBXGroup section */
		ED36189A1B96E5CB0095E48A /* MainScreen */ = {
			isa = PBXGroup;
			children = (
				ED94013E1B96D4BA001BCE2D /* HomeViewController.h */,
				ED94013F1B96D4BA001BCE2D /* HomeViewController.m */,
				ED3618A51B96FB8F0095E48A /* CustomTableViewCell.h */,
				ED3618A61B96FB8F0095E48A /* CustomTableViewCell.m */,
			);
			name = MainScreen;
			sourceTree = "<group>";
		};
		ED36189B1B96E5DC0095E48A /* Side Menu */ = {
			isa = PBXGroup;
			children = (
				ED36189C1B96E6050095E48A /* SideMenuTableViewController.h */,
				ED36189D1B96E6050095E48A /* SideMenuTableViewController.m */,
			);
			name = "Side Menu";
			sourceTree = "<group>";
		};
		ED6B08CA1B97ECE5009068E9 /* Detail Controller */ = {
			isa = PBXGroup;
			children = (
				ED6B08CB1B97ED0E009068E9 /* DetailViewController.h */,
				ED6B08CC1B97ED0E009068E9 /* DetailViewController.m */,
				ED6B08E61B9809E1009068E9 /* CustomDetailTableViewCell.h */,
				ED6B08E71B9809E1009068E9 /* CustomDetailTableViewCell.m */,
			);
			name = "Detail Controller";
			sourceTree = "<group>";
		};
		ED9401001B96D466001BCE2D = {
			isa = PBXGroup;
			children = (
				FD5C1EC01BA11C7400C79177 /* Social.framework */,
				FD5C1EC91BA16F7500C79177 /* Popup */,
				ED94010B1B96D467001BCE2D /* Senate News */,
				ED9401251B96D467001BCE2D /* Senate NewsTests */,
				ED94010A1B96D467001BCE2D /* Products */,
			);
			sourceTree = "<group>";
		};
		ED94010A1B96D467001BCE2D /* Products */ = {
			isa = PBXGroup;
			children = (
				ED9401091B96D467001BCE2D /* Senate News.app */,
				ED9401221B96D467001BCE2D /* Senate NewsTests.xctest */,
			);
			name = Products;
			sourceTree = "<group>";
		};
		ED94010B1B96D467001BCE2D /* Senate News */ = {
			isa = PBXGroup;
			children = (
				ED9401101B96D467001BCE2D /* AppDelegate.h */,
				ED9401111B96D467001BCE2D /* AppDelegate.m */,
				FD2771F41B9877B5005906D4 /* Connection */,
				ED36189B1B96E5DC0095E48A /* Side Menu */,
				ED36189A1B96E5CB0095E48A /* MainScreen */,
				ED6B08CA1B97ECE5009068E9 /* Detail Controller */,
				EDA3BF581B994A8E00F8334B /* common */,
				ED9401161B96D467001BCE2D /* Main.storyboard */,
				ED9401191B96D467001BCE2D /* Images.xcassets */,
				ED94011B1B96D467001BCE2D /* LaunchScreen.xib */,
				EDE27ABD1B9E97EA000AB507 /* MyViewController.h */,
				EDE27ABE1B9E97EA000AB507 /* MyViewController.m */,
				ED94010C1B96D467001BCE2D /* Supporting Files */,
			);
			path = "Senate News";
			sourceTree = "<group>";
		};
		ED94010C1B96D467001BCE2D /* Supporting Files */ = {
			isa = PBXGroup;
			children = (
				ED9401391B96D486001BCE2D /* outsources */,
				ED9401321B96D471001BCE2D /* images */,
				ED6B08E31B9803ED009068E9 /* Senate News-Bridging-Header.h */,
				ED94010D1B96D467001BCE2D /* Info.plist */,
				ED94010E1B96D467001BCE2D /* main.m */,
			);
			name = "Supporting Files";
			sourceTree = "<group>";
		};
		ED9401251B96D467001BCE2D /* Senate NewsTests */ = {
			isa = PBXGroup;
			children = (
				ED9401281B96D467001BCE2D /* Senate_NewsTests.m */,
				ED9401261B96D467001BCE2D /* Supporting Files */,
			);
			path = "Senate NewsTests";
			sourceTree = "<group>";
		};
		ED9401261B96D467001BCE2D /* Supporting Files */ = {
			isa = PBXGroup;
			children = (
				ED9401271B96D467001BCE2D /* Info.plist */,
			);
			name = "Supporting Files";
			sourceTree = "<group>";
		};
		ED9401321B96D471001BCE2D /* images */ = {
			isa = PBXGroup;
			children = (
				FDD0A4AC1BA277320046F4CE /* date_icon.png */,
				ED94FDE21B9842F7006A257E /* photo_page_icon.png */,
				FDD0A4B21BA286270046F4CE /* author_icon.png */,
				FDD0A4B31BA286270046F4CE /* character_icon.png */,
				FDD0A4B41BA286270046F4CE /* id_icon.png */,
				ED94FDE01B9834A1006A257E /* none_photo.png */,
				ED6B08D81B97FB20009068E9 /* menu.png */,
				ED6B08D61B97FAD9009068E9 /* facebook.png */,
				ED6B08C31B97D7B9009068E9 /* initiation_bg.png */,
				ED3618A31B96FB6A0095E48A /* 11700962_513955532093586_794883947600057880_n.jpg */,
				ED6B08D41B97F35A009068E9 /* back_arrow_icon.png */,
				ED3618981B96E00F0095E48A /* menu_collabo_icon_select.png */,
				ED9401491B96D871001BCE2D /* Menu Filled-50.png */,
				ED94014A1B96D871001BCE2D /* Menu-50.png */,
				ED9401411B96D687001BCE2D /* Search Filled-50.png */,
				ED9401421B96D687001BCE2D /* Search-50.png */,
				ED3618A11B96F64A0095E48A /* alarm_icon.png */,
			);
			name = images;
			sourceTree = "<group>";
		};
		ED9401391B96D486001BCE2D /* outsources */ = {
			isa = PBXGroup;
			children = (
				ED8761761B9EE8EB00C0E7BE /* GITSRefreshAndLoadMore.h */,
				ED8761771B9EE8EB00C0E7BE /* GITSRefreshAndLoadMore.m */,
				ED6B08E41B9803ED009068E9 /* GITSImageSlideViewController.swift */,
				EDE27AC11B9ED235000AB507 /* MBProgressHUD.h */,
				EDE27AC21B9ED235000AB507 /* MBProgressHUD.m */,
				EDE27AC01B9ED116000AB507 /* Refresh */,
				ED94FDAE1B9831BE006A257E /* SDWebImage */,
				ED94013D1B96D494001BCE2D /* SlideMenu */,
			);
			name = outsources;
			sourceTree = "<group>";
		};
		ED94013D1B96D494001BCE2D /* SlideMenu */ = {
			isa = PBXGroup;
			children = (
				EDA852D61B982DDF009C2B92 /* SWRevealViewController.h */,
				EDA852D71B982DDF009C2B92 /* SWRevealViewController.m */,
			);
			name = SlideMenu;
			sourceTree = "<group>";
		};
		ED94FDAE1B9831BE006A257E /* SDWebImage */ = {
			isa = PBXGroup;
			children = (
				ED94FDAF1B9831D2006A257E /* MKAnnotationView+WebCache.h */,
				ED94FDB01B9831D2006A257E /* MKAnnotationView+WebCache.m */,
				ED94FDB11B9831D2006A257E /* NSData+ImageContentType.h */,
				ED94FDB21B9831D2006A257E /* NSData+ImageContentType.m */,
				ED94FDB31B9831D2006A257E /* SDImageCache.h */,
				ED94FDB41B9831D2006A257E /* SDImageCache.m */,
				ED94FDB51B9831D2006A257E /* SDWebImageCompat.h */,
				ED94FDB61B9831D2006A257E /* SDWebImageCompat.m */,
				ED94FDB71B9831D2006A257E /* SDWebImageDecoder.h */,
				ED94FDB81B9831D2006A257E /* SDWebImageDecoder.m */,
				ED94FDB91B9831D2006A257E /* SDWebImageDownloader.h */,
				ED94FDBA1B9831D2006A257E /* SDWebImageDownloader.m */,
				ED94FDBB1B9831D2006A257E /* SDWebImageDownloaderOperation.h */,
				ED94FDBC1B9831D2006A257E /* SDWebImageDownloaderOperation.m */,
				ED94FDBD1B9831D2006A257E /* SDWebImageManager.h */,
				ED94FDBE1B9831D2006A257E /* SDWebImageManager.m */,
				ED94FDBF1B9831D2006A257E /* SDWebImageOperation.h */,
				ED94FDC01B9831D2006A257E /* SDWebImagePrefetcher.h */,
				ED94FDC11B9831D2006A257E /* SDWebImagePrefetcher.m */,
				ED94FDC21B9831D2006A257E /* UIButton+WebCache.h */,
				ED94FDC31B9831D2006A257E /* UIButton+WebCache.m */,
				ED94FDC41B9831D2006A257E /* UIImage+GIF.h */,
				ED94FDC51B9831D2006A257E /* UIImage+GIF.m */,
				ED94FDC61B9831D2006A257E /* UIImage+MultiFormat.h */,
				ED94FDC71B9831D2006A257E /* UIImage+MultiFormat.m */,
				ED94FDC81B9831D2006A257E /* UIImage+WebP.h */,
				ED94FDC91B9831D2006A257E /* UIImage+WebP.m */,
				ED94FDCA1B9831D2006A257E /* UIImageView+HighlightedWebCache.h */,
				ED94FDCB1B9831D2006A257E /* UIImageView+HighlightedWebCache.m */,
				ED94FDCC1B9831D2006A257E /* UIImageView+WebCache.h */,
				ED94FDCD1B9831D2006A257E /* UIImageView+WebCache.m */,
				ED94FDCE1B9831D2006A257E /* UIView+WebCacheOperation.h */,
				ED94FDCF1B9831D2006A257E /* UIView+WebCacheOperation.m */,
			);
			name = SDWebImage;
			sourceTree = "<group>";
		};
		EDA3BF581B994A8E00F8334B /* common */ = {
			isa = PBXGroup;
			children = (
				EDA3BF591B994AA500F8334B /* ShareObject.h */,
				EDA3BF5A1B994AA500F8334B /* ShareObject.m */,
				EDA3BF5C1B994C4A00F8334B /* AppUtils.h */,
				EDA3BF5D1B994C4A00F8334B /* AppUtils.m */,
			);
			name = common;
			sourceTree = "<group>";
		};
		EDE27AC01B9ED116000AB507 /* Refresh */ = {
			isa = PBXGroup;
			children = (
				ED8761791B9EEADB00C0E7BE /* load_01.png */,
				ED87617A1B9EEADB00C0E7BE /* load_02.png */,
				ED87617B1B9EEADB00C0E7BE /* load_03.png */,
				ED87617C1B9EEADB00C0E7BE /* load_04.png */,
				ED87617D1B9EEADB00C0E7BE /* load_05.png */,
				ED87617E1B9EEADB00C0E7BE /* load_06.png */,
			);
			name = Refresh;
			sourceTree = "<group>";
		};
		FD2771F41B9877B5005906D4 /* Connection */ = {
			isa = PBXGroup;
			children = (
				FD2771F51B9877DB005906D4 /* Reachability.h */,
				FD2771F61B9877DB005906D4 /* Reachability.m */,
				EDD15FDB1B9D936F00D46393 /* ConnectionManager.h */,
				EDD15FDC1B9D936F00D46393 /* ConnectionManager.m */,
			);
			name = Connection;
			sourceTree = "<group>";
		};
		FD5C1EC91BA16F7500C79177 /* Popup */ = {
			isa = PBXGroup;
			children = (
				FD5C1ECA1BA16F7500C79177 /* DXPopover.h */,
				FD5C1ECB1BA16F7500C79177 /* DXPopover.m */,
			);
			name = Popup;
			path = popup;
			sourceTree = "<group>";
		};
/* End PBXGroup section */

/* Begin PBXNativeTarget section */
		ED9401081B96D467001BCE2D /* Senate News */ = {
			isa = PBXNativeTarget;
			buildConfigurationList = ED94012C1B96D467001BCE2D /* Build configuration list for PBXNativeTarget "Senate News" */;
			buildPhases = (
				ED9401051B96D467001BCE2D /* Sources */,
				ED9401061B96D467001BCE2D /* Frameworks */,
				ED9401071B96D467001BCE2D /* Resources */,
			);
			buildRules = (
			);
			dependencies = (
			);
			name = "Senate News";
			productName = "Senate News";
			productReference = ED9401091B96D467001BCE2D /* Senate News.app */;
			productType = "com.apple.product-type.application";
		};
		ED9401211B96D467001BCE2D /* Senate NewsTests */ = {
			isa = PBXNativeTarget;
			buildConfigurationList = ED94012F1B96D467001BCE2D /* Build configuration list for PBXNativeTarget "Senate NewsTests" */;
			buildPhases = (
				ED94011E1B96D467001BCE2D /* Sources */,
				ED94011F1B96D467001BCE2D /* Frameworks */,
				ED9401201B96D467001BCE2D /* Resources */,
			);
			buildRules = (
			);
			dependencies = (
				ED9401241B96D467001BCE2D /* PBXTargetDependency */,
			);
			name = "Senate NewsTests";
			productName = "Senate NewsTests";
			productReference = ED9401221B96D467001BCE2D /* Senate NewsTests.xctest */;
			productType = "com.apple.product-type.bundle.unit-test";
		};
/* End PBXNativeTarget section */

/* Begin PBXProject section */
		ED9401011B96D466001BCE2D /* Project object */ = {
			isa = PBXProject;
			attributes = {
				LastUpgradeCheck = 0630;
				ORGANIZATIONNAME = GITS;
				TargetAttributes = {
					ED9401081B96D467001BCE2D = {
						CreatedOnToolsVersion = 6.3.1;
					};
					ED9401211B96D467001BCE2D = {
						CreatedOnToolsVersion = 6.3.1;
						TestTargetID = ED9401081B96D467001BCE2D;
					};
				};
			};
			buildConfigurationList = ED9401041B96D466001BCE2D /* Build configuration list for PBXProject "Senate News" */;
			compatibilityVersion = "Xcode 3.2";
			developmentRegion = English;
			hasScannedForEncodings = 0;
			knownRegions = (
				en,
				Base,
			);
			mainGroup = ED9401001B96D466001BCE2D;
			productRefGroup = ED94010A1B96D467001BCE2D /* Products */;
			projectDirPath = "";
			projectRoot = "";
			targets = (
				ED9401081B96D467001BCE2D /* Senate News */,
				ED9401211B96D467001BCE2D /* Senate NewsTests */,
			);
		};
/* End PBXProject section */

/* Begin PBXResourcesBuildPhase section */
		ED9401071B96D467001BCE2D /* Resources */ = {
			isa = PBXResourcesBuildPhase;
			buildActionMask = 2147483647;
			files = (
				ED94014C1B96D871001BCE2D /* Menu-50.png in Resources */,
				ED6B08C41B97D7B9009068E9 /* initiation_bg.png in Resources */,
				ED9401441B96D687001BCE2D /* Search-50.png in Resources */,
				ED8761831B9EEADB00C0E7BE /* load_05.png in Resources */,
				ED8761801B9EEADB00C0E7BE /* load_02.png in Resources */,
				FDD0A4B51BA286270046F4CE /* author_icon.png in Resources */,
				ED9401181B96D467001BCE2D /* Main.storyboard in Resources */,
				ED8761821B9EEADB00C0E7BE /* load_04.png in Resources */,
				ED94FDE31B9842F7006A257E /* photo_page_icon.png in Resources */,
				ED3618A41B96FB6A0095E48A /* 11700962_513955532093586_794883947600057880_n.jpg in Resources */,
				ED8761841B9EEADB00C0E7BE /* load_06.png in Resources */,
				ED6B08D51B97F35A009068E9 /* back_arrow_icon.png in Resources */,
				ED6B08D91B97FB20009068E9 /* menu.png in Resources */,
				FDD0A4B71BA286270046F4CE /* id_icon.png in Resources */,
				ED94014B1B96D871001BCE2D /* Menu Filled-50.png in Resources */,
				ED94011D1B96D467001BCE2D /* LaunchScreen.xib in Resources */,
				FDD0A4AF1BA277320046F4CE /* date_icon.png in Resources */,
				FDD0A4B61BA286270046F4CE /* character_icon.png in Resources */,
				ED8761811B9EEADB00C0E7BE /* load_03.png in Resources */,
				ED3618A21B96F64A0095E48A /* alarm_icon.png in Resources */,
				ED9401431B96D687001BCE2D /* Search Filled-50.png in Resources */,
				ED3618991B96E00F0095E48A /* menu_collabo_icon_select.png in Resources */,
				ED94011A1B96D467001BCE2D /* Images.xcassets in Resources */,
				ED6B08D71B97FAD9009068E9 /* facebook.png in Resources */,
				ED87617F1B9EEADB00C0E7BE /* load_01.png in Resources */,
				ED94FDE11B9834A1006A257E /* none_photo.png in Resources */,
			);
			runOnlyForDeploymentPostprocessing = 0;
		};
		ED9401201B96D467001BCE2D /* Resources */ = {
			isa = PBXResourcesBuildPhase;
			buildActionMask = 2147483647;
			files = (
			);
			runOnlyForDeploymentPostprocessing = 0;
		};
/* End PBXResourcesBuildPhase section */

/* Begin PBXSourcesBuildPhase section */
		ED9401051B96D467001BCE2D /* Sources */ = {
			isa = PBXSourcesBuildPhase;
			buildActionMask = 2147483647;
			files = (
				ED94FDDD1B9831D2006A257E /* UIImageView+HighlightedWebCache.m in Sources */,
				ED94FDD41B9831D2006A257E /* SDWebImageDecoder.m in Sources */,
				EDA3BF5B1B994AA500F8334B /* ShareObject.m in Sources */,
				EDE27ABF1B9E97EA000AB507 /* MyViewController.m in Sources */,
				ED94FDDE1B9831D2006A257E /* UIImageView+WebCache.m in Sources */,
				ED9401121B96D467001BCE2D /* AppDelegate.m in Sources */,
				ED94FDD61B9831D2006A257E /* SDWebImageDownloaderOperation.m in Sources */,
				ED94FDD71B9831D2006A257E /* SDWebImageManager.m in Sources */,
				ED94010F1B96D467001BCE2D /* main.m in Sources */,
				ED6B08E81B9809E1009068E9 /* CustomDetailTableViewCell.m in Sources */,
				ED94FDD51B9831D2006A257E /* SDWebImageDownloader.m in Sources */,
				ED94FDD01B9831D2006A257E /* MKAnnotationView+WebCache.m in Sources */,
				ED94FDD31B9831D2006A257E /* SDWebImageCompat.m in Sources */,
				ED94FDD81B9831D2006A257E /* SDWebImagePrefetcher.m in Sources */,
				ED94FDDF1B9831D2006A257E /* UIView+WebCacheOperation.m in Sources */,
				EDE27AC31B9ED235000AB507 /* MBProgressHUD.m in Sources */,
				ED94FDDB1B9831D2006A257E /* UIImage+MultiFormat.m in Sources */,
				FD5C1ECC1BA16F7500C79177 /* DXPopover.m in Sources */,
				ED3618A71B96FB8F0095E48A /* CustomTableViewCell.m in Sources */,
				EDA3BF5E1B994C4A00F8334B /* AppUtils.m in Sources */,
				ED6B08E51B9803ED009068E9 /* GITSImageSlideViewController.swift in Sources */,
				ED94FDD91B9831D2006A257E /* UIButton+WebCache.m in Sources */,
				ED8761781B9EE8EB00C0E7BE /* GITSRefreshAndLoadMore.m in Sources */,
				EDA852D81B982DDF009C2B92 /* SWRevealViewController.m in Sources */,
				ED94FDD21B9831D2006A257E /* SDImageCache.m in Sources */,
				ED9401401B96D4BA001BCE2D /* HomeViewController.m in Sources */,
				ED36189E1B96E6050095E48A /* SideMenuTableViewController.m in Sources */,
				ED6B08CD1B97ED0E009068E9 /* DetailViewController.m in Sources */,
				ED94FDDA1B9831D2006A257E /* UIImage+GIF.m in Sources */,
				ED94FDD11B9831D2006A257E /* NSData+ImageContentType.m in Sources */,
				EDD15FDD1B9D936F00D46393 /* ConnectionManager.m in Sources */,
				FD2771F71B9877DB005906D4 /* Reachability.m in Sources */,
				ED94FDDC1B9831D2006A257E /* UIImage+WebP.m in Sources */,
			);
			runOnlyForDeploymentPostprocessing = 0;
		};
		ED94011E1B96D467001BCE2D /* Sources */ = {
			isa = PBXSourcesBuildPhase;
			buildActionMask = 2147483647;
			files = (
				ED9401291B96D467001BCE2D /* Senate_NewsTests.m in Sources */,
			);
			runOnlyForDeploymentPostprocessing = 0;
		};
/* End PBXSourcesBuildPhase section */

/* Begin PBXTargetDependency section */
		ED9401241B96D467001BCE2D /* PBXTargetDependency */ = {
			isa = PBXTargetDependency;
			target = ED9401081B96D467001BCE2D /* Senate News */;
			targetProxy = ED9401231B96D467001BCE2D /* PBXContainerItemProxy */;
		};
/* End PBXTargetDependency section */

/* Begin PBXVariantGroup section */
		ED9401161B96D467001BCE2D /* Main.storyboard */ = {
			isa = PBXVariantGroup;
			children = (
				ED9401171B96D467001BCE2D /* Base */,
			);
			name = Main.storyboard;
			sourceTree = "<group>";
		};
		ED94011B1B96D467001BCE2D /* LaunchScreen.xib */ = {
			isa = PBXVariantGroup;
			children = (
				ED94011C1B96D467001BCE2D /* Base */,
			);
			name = LaunchScreen.xib;
			sourceTree = "<group>";
		};
/* End PBXVariantGroup section */

/* Begin XCBuildConfiguration section */
		ED94012A1B96D467001BCE2D /* Debug */ = {
			isa = XCBuildConfiguration;
			buildSettings = {
				ALWAYS_SEARCH_USER_PATHS = NO;
				CLANG_CXX_LANGUAGE_STANDARD = "gnu++0x";
				CLANG_CXX_LIBRARY = "libc++";
				CLANG_ENABLE_MODULES = YES;
				CLANG_ENABLE_OBJC_ARC = YES;
				CLANG_WARN_BOOL_CONVERSION = YES;
				CLANG_WARN_CONSTANT_CONVERSION = YES;
				CLANG_WARN_DIRECT_OBJC_ISA_USAGE = YES_ERROR;
				CLANG_WARN_EMPTY_BODY = YES;
				CLANG_WARN_ENUM_CONVERSION = YES;
				CLANG_WARN_INT_CONVERSION = YES;
				CLANG_WARN_OBJC_ROOT_CLASS = YES_ERROR;
				CLANG_WARN_UNREACHABLE_CODE = YES;
				CLANG_WARN__DUPLICATE_METHOD_MATCH = YES;
				"CODE_SIGN_IDENTITY[sdk=iphoneos*]" = "iPhone Developer";
				COPY_PHASE_STRIP = NO;
				DEBUG_INFORMATION_FORMAT = "dwarf-with-dsym";
				ENABLE_STRICT_OBJC_MSGSEND = YES;
				GCC_C_LANGUAGE_STANDARD = gnu99;
				GCC_DYNAMIC_NO_PIC = NO;
				GCC_NO_COMMON_BLOCKS = YES;
				GCC_OPTIMIZATION_LEVEL = 0;
				GCC_PREPROCESSOR_DEFINITIONS = (
					"DEBUG=1",
					"$(inherited)",
				);
				GCC_SYMBOLS_PRIVATE_EXTERN = NO;
				GCC_WARN_64_TO_32_BIT_CONVERSION = YES;
				GCC_WARN_ABOUT_RETURN_TYPE = YES_ERROR;
				GCC_WARN_UNDECLARED_SELECTOR = YES;
				GCC_WARN_UNINITIALIZED_AUTOS = YES_AGGRESSIVE;
				GCC_WARN_UNUSED_FUNCTION = YES;
				GCC_WARN_UNUSED_VARIABLE = YES;
				IPHONEOS_DEPLOYMENT_TARGET = 8.3;
				MTL_ENABLE_DEBUG_INFO = YES;
				ONLY_ACTIVE_ARCH = YES;
				SDKROOT = iphoneos;
			};
			name = Debug;
		};
		ED94012B1B96D467001BCE2D /* Release */ = {
			isa = XCBuildConfiguration;
			buildSettings = {
				ALWAYS_SEARCH_USER_PATHS = NO;
				CLANG_CXX_LANGUAGE_STANDARD = "gnu++0x";
				CLANG_CXX_LIBRARY = "libc++";
				CLANG_ENABLE_MODULES = YES;
				CLANG_ENABLE_OBJC_ARC = YES;
				CLANG_WARN_BOOL_CONVERSION = YES;
				CLANG_WARN_CONSTANT_CONVERSION = YES;
				CLANG_WARN_DIRECT_OBJC_ISA_USAGE = YES_ERROR;
				CLANG_WARN_EMPTY_BODY = YES;
				CLANG_WARN_ENUM_CONVERSION = YES;
				CLANG_WARN_INT_CONVERSION = YES;
				CLANG_WARN_OBJC_ROOT_CLASS = YES_ERROR;
				CLANG_WARN_UNREACHABLE_CODE = YES;
				CLANG_WARN__DUPLICATE_METHOD_MATCH = YES;
				"CODE_SIGN_IDENTITY[sdk=iphoneos*]" = "iPhone Developer";
				COPY_PHASE_STRIP = NO;
				DEBUG_INFORMATION_FORMAT = "dwarf-with-dsym";
				ENABLE_NS_ASSERTIONS = NO;
				ENABLE_STRICT_OBJC_MSGSEND = YES;
				GCC_C_LANGUAGE_STANDARD = gnu99;
				GCC_NO_COMMON_BLOCKS = YES;
				GCC_WARN_64_TO_32_BIT_CONVERSION = YES;
				GCC_WARN_ABOUT_RETURN_TYPE = YES_ERROR;
				GCC_WARN_UNDECLARED_SELECTOR = YES;
				GCC_WARN_UNINITIALIZED_AUTOS = YES_AGGRESSIVE;
				GCC_WARN_UNUSED_FUNCTION = YES;
				GCC_WARN_UNUSED_VARIABLE = YES;
				IPHONEOS_DEPLOYMENT_TARGET = 8.3;
				MTL_ENABLE_DEBUG_INFO = NO;
				SDKROOT = iphoneos;
				VALIDATE_PRODUCT = YES;
			};
			name = Release;
		};
		ED94012D1B96D467001BCE2D /* Debug */ = {
			isa = XCBuildConfiguration;
			buildSettings = {
				ASSETCATALOG_COMPILER_APPICON_NAME = AppIcon;
				ASSETCATALOG_COMPILER_LAUNCHIMAGE_NAME = LaunchImage;
				CLANG_ENABLE_MODULES = YES;
				INFOPLIST_FILE = "Senate News/Info.plist";
				IPHONEOS_DEPLOYMENT_TARGET = 7.0;
				LD_RUNPATH_SEARCH_PATHS = "$(inherited) @executable_path/Frameworks";
				PRODUCT_NAME = "$(TARGET_NAME)";
				SWIFT_OBJC_BRIDGING_HEADER = "Senate News/Senate News-Bridging-Header.h";
				SWIFT_OPTIMIZATION_LEVEL = "-Onone";
			};
			name = Debug;
		};
		ED94012E1B96D467001BCE2D /* Release */ = {
			isa = XCBuildConfiguration;
			buildSettings = {
				ASSETCATALOG_COMPILER_APPICON_NAME = AppIcon;
				ASSETCATALOG_COMPILER_LAUNCHIMAGE_NAME = LaunchImage;
				CLANG_ENABLE_MODULES = YES;
				INFOPLIST_FILE = "Senate News/Info.plist";
				IPHONEOS_DEPLOYMENT_TARGET = 7.0;
				LD_RUNPATH_SEARCH_PATHS = "$(inherited) @executable_path/Frameworks";
				PRODUCT_NAME = "$(TARGET_NAME)";
				SWIFT_OBJC_BRIDGING_HEADER = "Senate News/Senate News-Bridging-Header.h";
			};
			name = Release;
		};
		ED9401301B96D467001BCE2D /* Debug */ = {
			isa = XCBuildConfiguration;
			buildSettings = {
				BUNDLE_LOADER = "$(TEST_HOST)";
				FRAMEWORK_SEARCH_PATHS = (
					"$(SDKROOT)/Developer/Library/Frameworks",
					"$(inherited)",
				);
				GCC_PREPROCESSOR_DEFINITIONS = (
					"DEBUG=1",
					"$(inherited)",
				);
				INFOPLIST_FILE = "Senate NewsTests/Info.plist";
				LD_RUNPATH_SEARCH_PATHS = "$(inherited) @executable_path/Frameworks @loader_path/Frameworks";
				PRODUCT_NAME = "$(TARGET_NAME)";
				TEST_HOST = "$(BUILT_PRODUCTS_DIR)/Senate News.app/Senate News";
			};
			name = Debug;
		};
		ED9401311B96D467001BCE2D /* Release */ = {
			isa = XCBuildConfiguration;
			buildSettings = {
				BUNDLE_LOADER = "$(TEST_HOST)";
				FRAMEWORK_SEARCH_PATHS = (
					"$(SDKROOT)/Developer/Library/Frameworks",
					"$(inherited)",
				);
				INFOPLIST_FILE = "Senate NewsTests/Info.plist";
				LD_RUNPATH_SEARCH_PATHS = "$(inherited) @executable_path/Frameworks @loader_path/Frameworks";
				PRODUCT_NAME = "$(TARGET_NAME)";
				TEST_HOST = "$(BUILT_PRODUCTS_DIR)/Senate News.app/Senate News";
			};
			name = Release;
		};
/* End XCBuildConfiguration section */

/* Begin XCConfigurationList section */
		ED9401041B96D466001BCE2D /* Build configuration list for PBXProject "Senate News" */ = {
			isa = XCConfigurationList;
			buildConfigurations = (
				ED94012A1B96D467001BCE2D /* Debug */,
				ED94012B1B96D467001BCE2D /* Release */,
			);
			defaultConfigurationIsVisible = 0;
			defaultConfigurationName = Release;
		};
		ED94012C1B96D467001BCE2D /* Build configuration list for PBXNativeTarget "Senate News" */ = {
			isa = XCConfigurationList;
			buildConfigurations = (
				ED94012D1B96D467001BCE2D /* Debug */,
				ED94012E1B96D467001BCE2D /* Release */,
			);
			defaultConfigurationIsVisible = 0;
			defaultConfigurationName = Release;
		};
		ED94012F1B96D467001BCE2D /* Build configuration list for PBXNativeTarget "Senate NewsTests" */ = {
			isa = XCConfigurationList;
			buildConfigurations = (
				ED9401301B96D467001BCE2D /* Debug */,
				ED9401311B96D467001BCE2D /* Release */,
			);
			defaultConfigurationIsVisible = 0;
			defaultConfigurationName = Release;
		};
/* End XCConfigurationList section */
	};
	rootObject = ED9401011B96D466001BCE2D /* Project object */;
}
