// !$*UTF8*$!
{
	archiveVersion = 1;
	classes = {
	};
	objectVersion = 46;
	objects = {

/* Begin PBXBuildFile section */
		ED3618991B96E00F0095E48A /* menu_collabo_icon_select.png in Resources */ = {isa = PBXBuildFile; fileRef = ED3618981B96E00F0095E48A /* menu_collabo_icon_select.png */; };
		ED36189E1B96E6050095E48A /* SideMenuTableViewController.m in Sources */ = {isa = PBXBuildFile; fileRef = ED36189D1B96E6050095E48A /* SideMenuTableViewController.m */; };
		ED3618A21B96F64A0095E48A /* alarm_icon.png in Resources */ = {isa = PBXBuildFile; fileRef = ED3618A11B96F64A0095E48A /* alarm_icon.png */; };
		ED3618A41B96FB6A0095E48A /* 11700962_513955532093586_794883947600057880_n.jpg in Resources */ = {isa = PBXBuildFile; fileRef = ED3618A31B96FB6A0095E48A /* 11700962_513955532093586_794883947600057880_n.jpg */; };
		ED3618A71B96FB8F0095E48A /* CustomTableViewCell.m in Sources */ = {isa = PBXBuildFile; fileRef = ED3618A61B96FB8F0095E48A /* CustomTableViewCell.m */; };
		ED6B08C41B97D7B9009068E9 /* initiation_bg.png in Resources */ = {isa = PBXBuildFile; fileRef = ED6B08C31B97D7B9009068E9 /* initiation_bg.png */; };
		ED6B08CD1B97ED0E009068E9 /* DetailViewController.m in Sources */ = {isa = PBXBuildFile; fileRef = ED6B08CC1B97ED0E009068E9 /* DetailViewController.m */; };
		ED6B08D51B97F35A009068E9 /* back_arrow_icon.png in Resources */ = {isa = PBXBuildFile; fileRef = ED6B08D41B97F35A009068E9 /* back_arrow_icon.png */; };
		ED6B08D71B97FAD9009068E9 /* facebook.png in Resources */ = {isa = PBXBuildFile; fileRef = ED6B08D61B97FAD9009068E9 /* facebook.png */; };
		ED6B08D91B97FB20009068E9 /* menu.png in Resources */ = {isa = PBXBuildFile; fileRef = ED6B08D81B97FB20009068E9 /* menu.png */; };
		ED6B08DF1B9803D8009068E9 /* 1.jpg in Resources */ = {isa = PBXBuildFile; fileRef = ED6B08DB1B9803D8009068E9 /* 1.jpg */; };
		ED6B08E01B9803D8009068E9 /* 2.jpg in Resources */ = {isa = PBXBuildFile; fileRef = ED6B08DC1B9803D8009068E9 /* 2.jpg */; };
		ED6B08E11B9803D8009068E9 /* 3.jpg in Resources */ = {isa = PBXBuildFile; fileRef = ED6B08DD1B9803D8009068E9 /* 3.jpg */; };
		ED6B08E21B9803D8009068E9 /* 4.jpg in Resources */ = {isa = PBXBuildFile; fileRef = ED6B08DE1B9803D8009068E9 /* 4.jpg */; };
		ED6B08E51B9803ED009068E9 /* GITSImageSlideViewController.swift in Sources */ = {isa = PBXBuildFile; fileRef = ED6B08E41B9803ED009068E9 /* GITSImageSlideViewController.swift */; };
		ED6B08E81B9809E1009068E9 /* CustomDetailTableViewCell.m in Sources */ = {isa = PBXBuildFile; fileRef = ED6B08E71B9809E1009068E9 /* CustomDetailTableViewCell.m */; };
		ED94010F1B96D467001BCE2D /* main.m in Sources */ = {isa = PBXBuildFile; fileRef = ED94010E1B96D467001BCE2D /* main.m */; };
		ED9401121B96D467001BCE2D /* AppDelegate.m in Sources */ = {isa = PBXBuildFile; fileRef = ED9401111B96D467001BCE2D /* AppDelegate.m */; };
		ED9401181B96D467001BCE2D /* Main.storyboard in Resources */ = {isa = PBXBuildFile; fileRef = ED9401161B96D467001BCE2D /* Main.storyboard */; };
		ED94011A1B96D467001BCE2D /* Images.xcassets in Resources */ = {isa = PBXBuildFile; fileRef = ED9401191B96D467001BCE2D /* Images.xcassets */; };
		ED94011D1B96D467001BCE2D /* LaunchScreen.xib in Resources */ = {isa = PBXBuildFile; fileRef = ED94011B1B96D467001BCE2D /* LaunchScreen.xib */; };
		ED9401291B96D467001BCE2D /* Senate_NewsTests.m in Sources */ = {isa = PBXBuildFile; fileRef = ED9401281B96D467001BCE2D /* Senate_NewsTests.m */; };
		ED94013C1B96D492001BCE2D /* SWRevealViewController.m in Sources */ = {isa = PBXBuildFile; fileRef = ED94013B1B96D492001BCE2D /* SWRevealViewController.m */; };
		ED9401401B96D4BA001BCE2D /* HomeViewController.m in Sources */ = {isa = PBXBuildFile; fileRef = ED94013F1B96D4BA001BCE2D /* HomeViewController.m */; };
		ED9401431B96D687001BCE2D /* Search Filled-50.png in Resources */ = {isa = PBXBuildFile; fileRef = ED9401411B96D687001BCE2D /* Search Filled-50.png */; };
		ED9401441B96D687001BCE2D /* Search-50.png in Resources */ = {isa = PBXBuildFile; fileRef = ED9401421B96D687001BCE2D /* Search-50.png */; };
		ED94014B1B96D871001BCE2D /* Menu Filled-50.png in Resources */ = {isa = PBXBuildFile; fileRef = ED9401491B96D871001BCE2D /* Menu Filled-50.png */; };
		ED94014C1B96D871001BCE2D /* Menu-50.png in Resources */ = {isa = PBXBuildFile; fileRef = ED94014A1B96D871001BCE2D /* Menu-50.png */; };
/* End PBXBuildFile section */

/* Begin PBXContainerItemProxy section */
		ED9401231B96D467001BCE2D /* PBXContainerItemProxy */ = {
			isa = PBXContainerItemProxy;
			containerPortal = ED9401011B96D466001BCE2D /* Project object */;
			proxyType = 1;
			remoteGlobalIDString = ED9401081B96D467001BCE2D;
			remoteInfo = "Senate News";
		};
/* End PBXContainerItemProxy section */

/* Begin PBXFileReference section */
		ED3618981B96E00F0095E48A /* menu_collabo_icon_select.png */ = {isa = PBXFileReference; lastKnownFileType = image.png; path = menu_collabo_icon_select.png; sourceTree = "<group>"; };
		ED36189C1B96E6050095E48A /* SideMenuTableViewController.h */ = {isa = PBXFileReference; fileEncoding = 4; lastKnownFileType = sourcecode.c.h; path = SideMenuTableViewController.h; sourceTree = "<group>"; };
		ED36189D1B96E6050095E48A /* SideMenuTableViewController.m */ = {isa = PBXFileReference; fileEncoding = 4; lastKnownFileType = sourcecode.c.objc; path = SideMenuTableViewController.m; sourceTree = "<group>"; };
		ED3618A11B96F64A0095E48A /* alarm_icon.png */ = {isa = PBXFileReference; lastKnownFileType = image.png; path = alarm_icon.png; sourceTree = "<group>"; };
		ED3618A31B96FB6A0095E48A /* 11700962_513955532093586_794883947600057880_n.jpg */ = {isa = PBXFileReference; lastKnownFileType = image.jpeg; path = 11700962_513955532093586_794883947600057880_n.jpg; sourceTree = "<group>"; };
		ED3618A51B96FB8F0095E48A /* CustomTableViewCell.h */ = {isa = PBXFileReference; fileEncoding = 4; lastKnownFileType = sourcecode.c.h; path = CustomTableViewCell.h; sourceTree = "<group>"; };
		ED3618A61B96FB8F0095E48A /* CustomTableViewCell.m */ = {isa = PBXFileReference; fileEncoding = 4; lastKnownFileType = sourcecode.c.objc; path = CustomTableViewCell.m; sourceTree = "<group>"; };
		ED6B08C31B97D7B9009068E9 /* initiation_bg.png */ = {isa = PBXFileReference; lastKnownFileType = image.png; path = initiation_bg.png; sourceTree = "<group>"; };
		ED6B08CB1B97ED0E009068E9 /* DetailViewController.h */ = {isa = PBXFileReference; fileEncoding = 4; lastKnownFileType = sourcecode.c.h; path = DetailViewController.h; sourceTree = "<group>"; };
		ED6B08CC1B97ED0E009068E9 /* DetailViewController.m */ = {isa = PBXFileReference; fileEncoding = 4; lastKnownFileType = sourcecode.c.objc; path = DetailViewController.m; sourceTree = "<group>"; };
		ED6B08D41B97F35A009068E9 /* back_arrow_icon.png */ = {isa = PBXFileReference; lastKnownFileType = image.png; path = back_arrow_icon.png; sourceTree = "<group>"; };
		ED6B08D61B97FAD9009068E9 /* facebook.png */ = {isa = PBXFileReference; lastKnownFileType = image.png; path = facebook.png; sourceTree = "<group>"; };
		ED6B08D81B97FB20009068E9 /* menu.png */ = {isa = PBXFileReference; lastKnownFileType = image.png; path = menu.png; sourceTree = "<group>"; };
		ED6B08DB1B9803D8009068E9 /* 1.jpg */ = {isa = PBXFileReference; lastKnownFileType = image.jpeg; path = 1.jpg; sourceTree = "<group>"; };
		ED6B08DC1B9803D8009068E9 /* 2.jpg */ = {isa = PBXFileReference; lastKnownFileType = image.jpeg; path = 2.jpg; sourceTree = "<group>"; };
		ED6B08DD1B9803D8009068E9 /* 3.jpg */ = {isa = PBXFileReference; lastKnownFileType = image.jpeg; path = 3.jpg; sourceTree = "<group>"; };
		ED6B08DE1B9803D8009068E9 /* 4.jpg */ = {isa = PBXFileReference; lastKnownFileType = image.jpeg; path = 4.jpg; sourceTree = "<group>"; };
		ED6B08E31B9803ED009068E9 /* Senate News-Bridging-Header.h */ = {isa = PBXFileReference; lastKnownFileType = sourcecode.c.h; path = "Senate News-Bridging-Header.h"; sourceTree = "<group>"; };
		ED6B08E41B9803ED009068E9 /* GITSImageSlideViewController.swift */ = {isa = PBXFileReference; fileEncoding = 4; lastKnownFileType = sourcecode.swift; path = GITSImageSlideViewController.swift; sourceTree = "<group>"; };
		ED6B08E61B9809E1009068E9 /* CustomDetailTableViewCell.h */ = {isa = PBXFileReference; fileEncoding = 4; lastKnownFileType = sourcecode.c.h; path = CustomDetailTableViewCell.h; sourceTree = "<group>"; };
		ED6B08E71B9809E1009068E9 /* CustomDetailTableViewCell.m */ = {isa = PBXFileReference; fileEncoding = 4; lastKnownFileType = sourcecode.c.objc; path = CustomDetailTableViewCell.m; sourceTree = "<group>"; };
		ED9401091B96D467001BCE2D /* Senate News.app */ = {isa = PBXFileReference; explicitFileType = wrapper.application; includeInIndex = 0; path = "Senate News.app"; sourceTree = BUILT_PRODUCTS_DIR; };
		ED94010D1B96D467001BCE2D /* Info.plist */ = {isa = PBXFileReference; lastKnownFileType = text.plist.xml; path = Info.plist; sourceTree = "<group>"; };
		ED94010E1B96D467001BCE2D /* main.m */ = {isa = PBXFileReference; lastKnownFileType = sourcecode.c.objc; path = main.m; sourceTree = "<group>"; };
		ED9401101B96D467001BCE2D /* AppDelegate.h */ = {isa = PBXFileReference; lastKnownFileType = sourcecode.c.h; path = AppDelegate.h; sourceTree = "<group>"; };
		ED9401111B96D467001BCE2D /* AppDelegate.m */ = {isa = PBXFileReference; lastKnownFileType = sourcecode.c.objc; path = AppDelegate.m; sourceTree = "<group>"; };
		ED9401171B96D467001BCE2D /* Base */ = {isa = PBXFileReference; lastKnownFileType = file.storyboard; name = Base; path = Base.lproj/Main.storyboard; sourceTree = "<group>"; };
		ED9401191B96D467001BCE2D /* Images.xcassets */ = {isa = PBXFileReference; lastKnownFileType = folder.assetcatalog; path = Images.xcassets; sourceTree = "<group>"; };
		ED94011C1B96D467001BCE2D /* Base */ = {isa = PBXFileReference; lastKnownFileType = file.xib; name = Base; path = Base.lproj/LaunchScreen.xib; sourceTree = "<group>"; };
		ED9401221B96D467001BCE2D /* Senate NewsTests.xctest */ = {isa = PBXFileReference; explicitFileType = wrapper.cfbundle; includeInIndex = 0; path = "Senate NewsTests.xctest"; sourceTree = BUILT_PRODUCTS_DIR; };
		ED9401271B96D467001BCE2D /* Info.plist */ = {isa = PBXFileReference; lastKnownFileType = text.plist.xml; path = Info.plist; sourceTree = "<group>"; };
		ED9401281B96D467001BCE2D /* Senate_NewsTests.m */ = {isa = PBXFileReference; lastKnownFileType = sourcecode.c.objc; path = Senate_NewsTests.m; sourceTree = "<group>"; };
		ED94013A1B96D492001BCE2D /* SWRevealViewController.h */ = {isa = PBXFileReference; fileEncoding = 4; lastKnownFileType = sourcecode.c.h; name = SWRevealViewController.h; path = ../../SenateProject/SenateProject/SWRevealViewController.h; sourceTree = "<group>"; };
		ED94013B1B96D492001BCE2D /* SWRevealViewController.m */ = {isa = PBXFileReference; fileEncoding = 4; lastKnownFileType = sourcecode.c.objc; name = SWRevealViewController.m; path = ../../SenateProject/SenateProject/SWRevealViewController.m; sourceTree = "<group>"; };
		ED94013E1B96D4BA001BCE2D /* HomeViewController.h */ = {isa = PBXFileReference; fileEncoding = 4; lastKnownFileType = sourcecode.c.h; path = HomeViewController.h; sourceTree = "<group>"; };
		ED94013F1B96D4BA001BCE2D /* HomeViewController.m */ = {isa = PBXFileReference; fileEncoding = 4; lastKnownFileType = sourcecode.c.objc; path = HomeViewController.m; sourceTree = "<group>"; };
		ED9401411B96D687001BCE2D /* Search Filled-50.png */ = {isa = PBXFileReference; lastKnownFileType = image.png; path = "Search Filled-50.png"; sourceTree = "<group>"; };
		ED9401421B96D687001BCE2D /* Search-50.png */ = {isa = PBXFileReference; lastKnownFileType = image.png; path = "Search-50.png"; sourceTree = "<group>"; };
		ED9401491B96D871001BCE2D /* Menu Filled-50.png */ = {isa = PBXFileReference; lastKnownFileType = image.png; path = "Menu Filled-50.png"; sourceTree = "<group>"; };
		ED94014A1B96D871001BCE2D /* Menu-50.png */ = {isa = PBXFileReference; lastKnownFileType = image.png; path = "Menu-50.png"; sourceTree = "<group>"; };
/* End PBXFileReference section */

/* Begin PBXFrameworksBuildPhase section */
		ED9401061B96D467001BCE2D /* Frameworks */ = {
			isa = PBXFrameworksBuildPhase;
			buildActionMask = 2147483647;
			files = (
			);
			runOnlyForDeploymentPostprocessing = 0;
		};
		ED94011F1B96D467001BCE2D /* Frameworks */ = {
			isa = PBXFrameworksBuildPhase;
			buildActionMask = 2147483647;
			files = (
			);
			runOnlyForDeploymentPostprocessing = 0;
		};
/* End PBXFrameworksBuildPhase section */

/* Begin PBXGroup section */
		ED36189A1B96E5CB0095E48A /* MainScreen */ = {
			isa = PBXGroup;
			children = (
				ED94013E1B96D4BA001BCE2D /* HomeViewController.h */,
				ED94013F1B96D4BA001BCE2D /* HomeViewController.m */,
				ED3618A51B96FB8F0095E48A /* CustomTableViewCell.h */,
				ED3618A61B96FB8F0095E48A /* CustomTableViewCell.m */,
			);
			name = MainScreen;
			sourceTree = "<group>";
		};
		ED36189B1B96E5DC0095E48A /* Side Menu */ = {
			isa = PBXGroup;
			children = (
				ED36189C1B96E6050095E48A /* SideMenuTableViewController.h */,
				ED36189D1B96E6050095E48A /* SideMenuTableViewController.m */,
			);
			name = "Side Menu";
			sourceTree = "<group>";
		};
		ED6B08CA1B97ECE5009068E9 /* Detail Controller */ = {
			isa = PBXGroup;
			children = (
				ED6B08CB1B97ED0E009068E9 /* DetailViewController.h */,
				ED6B08CC1B97ED0E009068E9 /* DetailViewController.m */,
				ED6B08E61B9809E1009068E9 /* CustomDetailTableViewCell.h */,
				ED6B08E71B9809E1009068E9 /* CustomDetailTableViewCell.m */,
			);
			name = "Detail Controller";
			sourceTree = "<group>";
		};
		ED6B08DA1B9803CE009068E9 /* testing images */ = {
			isa = PBXGroup;
			children = (
				ED6B08DB1B9803D8009068E9 /* 1.jpg */,
				ED6B08DC1B9803D8009068E9 /* 2.jpg */,
				ED6B08DD1B9803D8009068E9 /* 3.jpg */,
				ED6B08DE1B9803D8009068E9 /* 4.jpg */,
			);
			name = "testing images";
			sourceTree = "<group>";
		};
		ED9401001B96D466001BCE2D = {
			isa = PBXGroup;
			children = (
				ED94010B1B96D467001BCE2D /* Senate News */,
				ED9401251B96D467001BCE2D /* Senate NewsTests */,
				ED94010A1B96D467001BCE2D /* Products */,
			);
			sourceTree = "<group>";
		};
		ED94010A1B96D467001BCE2D /* Products */ = {
			isa = PBXGroup;
			children = (
				ED9401091B96D467001BCE2D /* Senate News.app */,
				ED9401221B96D467001BCE2D /* Senate NewsTests.xctest */,
			);
			name = Products;
			sourceTree = "<group>";
		};
		ED94010B1B96D467001BCE2D /* Senate News */ = {
			isa = PBXGroup;
			children = (
				ED9401101B96D467001BCE2D /* AppDelegate.h */,
				ED9401111B96D467001BCE2D /* AppDelegate.m */,
				ED36189B1B96E5DC0095E48A /* Side Menu */,
				ED36189A1B96E5CB0095E48A /* MainScreen */,
				ED6B08CA1B97ECE5009068E9 /* Detail Controller */,
				ED9401161B96D467001BCE2D /* Main.storyboard */,
				ED9401191B96D467001BCE2D /* Images.xcassets */,
				ED94011B1B96D467001BCE2D /* LaunchScreen.xib */,
				ED94010C1B96D467001BCE2D /* Supporting Files */,
			);
			path = "Senate News";
			sourceTree = "<group>";
		};
		ED94010C1B96D467001BCE2D /* Supporting Files */ = {
			isa = PBXGroup;
			children = (
				ED9401391B96D486001BCE2D /* outsources */,
				ED9401321B96D471001BCE2D /* images */,
				ED94010D1B96D467001BCE2D /* Info.plist */,
				ED94010E1B96D467001BCE2D /* main.m */,
			);
			name = "Supporting Files";
			sourceTree = "<group>";
		};
		ED9401251B96D467001BCE2D /* Senate NewsTests */ = {
			isa = PBXGroup;
			children = (
				ED9401281B96D467001BCE2D /* Senate_NewsTests.m */,
				ED9401261B96D467001BCE2D /* Supporting Files */,
			);
			path = "Senate NewsTests";
			sourceTree = "<group>";
		};
		ED9401261B96D467001BCE2D /* Supporting Files */ = {
			isa = PBXGroup;
			children = (
				ED9401271B96D467001BCE2D /* Info.plist */,
			);
			name = "Supporting Files";
			sourceTree = "<group>";
		};
		ED9401321B96D471001BCE2D /* images */ = {
			isa = PBXGroup;
			children = (
				ED6B08DA1B9803CE009068E9 /* testing images */,
				ED6B08D81B97FB20009068E9 /* menu.png */,
				ED6B08D61B97FAD9009068E9 /* facebook.png */,
				ED6B08C31B97D7B9009068E9 /* initiation_bg.png */,
				ED3618A31B96FB6A0095E48A /* 11700962_513955532093586_794883947600057880_n.jpg */,
				ED6B08D41B97F35A009068E9 /* back_arrow_icon.png */,
				ED3618981B96E00F0095E48A /* menu_collabo_icon_select.png */,
				ED9401491B96D871001BCE2D /* Menu Filled-50.png */,
				ED94014A1B96D871001BCE2D /* Menu-50.png */,
				ED9401411B96D687001BCE2D /* Search Filled-50.png */,
				ED9401421B96D687001BCE2D /* Search-50.png */,
				ED3618A11B96F64A0095E48A /* alarm_icon.png */,
			);
			name = images;
			sourceTree = "<group>";
		};
		ED9401391B96D486001BCE2D /* outsources */ = {
			isa = PBXGroup;
			children = (
				ED6B08E41B9803ED009068E9 /* GITSImageSlideViewController.swift */,
				ED94013D1B96D494001BCE2D /* SlideMenu */,
				ED6B08E31B9803ED009068E9 /* Senate News-Bridging-Header.h */,
			);
			name = outsources;
			sourceTree = "<group>";
		};
		ED94013D1B96D494001BCE2D /* SlideMenu */ = {
			isa = PBXGroup;
			children = (
				ED94013A1B96D492001BCE2D /* SWRevealViewController.h */,
				ED94013B1B96D492001BCE2D /* SWRevealViewController.m */,
			);
			name = SlideMenu;
			sourceTree = "<group>";
		};
/* End PBXGroup section */

/* Begin PBXNativeTarget section */
		ED9401081B96D467001BCE2D /* Senate News */ = {
			isa = PBXNativeTarget;
			buildConfigurationList = ED94012C1B96D467001BCE2D /* Build configuration list for PBXNativeTarget "Senate News" */;
			buildPhases = (
				ED9401051B96D467001BCE2D /* Sources */,
				ED9401061B96D467001BCE2D /* Frameworks */,
				ED9401071B96D467001BCE2D /* Resources */,
			);
			buildRules = (
			);
			dependencies = (
			);
			name = "Senate News";
			productName = "Senate News";
			productReference = ED9401091B96D467001BCE2D /* Senate News.app */;
			productType = "com.apple.product-type.application";
		};
		ED9401211B96D467001BCE2D /* Senate NewsTests */ = {
			isa = PBXNativeTarget;
			buildConfigurationList = ED94012F1B96D467001BCE2D /* Build configuration list for PBXNativeTarget "Senate NewsTests" */;
			buildPhases = (
				ED94011E1B96D467001BCE2D /* Sources */,
				ED94011F1B96D467001BCE2D /* Frameworks */,
				ED9401201B96D467001BCE2D /* Resources */,
			);
			buildRules = (
			);
			dependencies = (
				ED9401241B96D467001BCE2D /* PBXTargetDependency */,
			);
			name = "Senate NewsTests";
			productName = "Senate NewsTests";
			productReference = ED9401221B96D467001BCE2D /* Senate NewsTests.xctest */;
			productType = "com.apple.product-type.bundle.unit-test";
		};
/* End PBXNativeTarget section */

/* Begin PBXProject section */
		ED9401011B96D466001BCE2D /* Project object */ = {
			isa = PBXProject;
			attributes = {
				LastUpgradeCheck = 0630;
				ORGANIZATIONNAME = GITS;
				TargetAttributes = {
					ED9401081B96D467001BCE2D = {
						CreatedOnToolsVersion = 6.3.1;
					};
					ED9401211B96D467001BCE2D = {
						CreatedOnToolsVersion = 6.3.1;
						TestTargetID = ED9401081B96D467001BCE2D;
					};
				};
			};
			buildConfigurationList = ED9401041B96D466001BCE2D /* Build configuration list for PBXProject "Senate News" */;
			compatibilityVersion = "Xcode 3.2";
			developmentRegion = English;
			hasScannedForEncodings = 0;
			knownRegions = (
				en,
				Base,
			);
			mainGroup = ED9401001B96D466001BCE2D;
			productRefGroup = ED94010A1B96D467001BCE2D /* Products */;
			projectDirPath = "";
			projectRoot = "";
			targets = (
				ED9401081B96D467001BCE2D /* Senate News */,
				ED9401211B96D467001BCE2D /* Senate NewsTests */,
			);
		};
/* End PBXProject section */

/* Begin PBXResourcesBuildPhase section */
		ED9401071B96D467001BCE2D /* Resources */ = {
			isa = PBXResourcesBuildPhase;
			buildActionMask = 2147483647;
			files = (
				ED94014C1B96D871001BCE2D /* Menu-50.png in Resources */,
				ED6B08C41B97D7B9009068E9 /* initiation_bg.png in Resources */,
				ED9401441B96D687001BCE2D /* Search-50.png in Resources */,
				ED9401181B96D467001BCE2D /* Main.storyboard in Resources */,
				ED3618A41B96FB6A0095E48A /* 11700962_513955532093586_794883947600057880_n.jpg in Resources */,
				ED6B08D51B97F35A009068E9 /* back_arrow_icon.png in Resources */,
				ED6B08E21B9803D8009068E9 /* 4.jpg in Resources */,
				ED6B08E11B9803D8009068E9 /* 3.jpg in Resources */,
				ED6B08E01B9803D8009068E9 /* 2.jpg in Resources */,
				ED6B08D91B97FB20009068E9 /* menu.png in Resources */,
				ED94014B1B96D871001BCE2D /* Menu Filled-50.png in Resources */,
				ED94011D1B96D467001BCE2D /* LaunchScreen.xib in Resources */,
				ED6B08DF1B9803D8009068E9 /* 1.jpg in Resources */,
				ED3618A21B96F64A0095E48A /* alarm_icon.png in Resources */,
				ED9401431B96D687001BCE2D /* Search Filled-50.png in Resources */,
				ED3618991B96E00F0095E48A /* menu_collabo_icon_select.png in Resources */,
				ED94011A1B96D467001BCE2D /* Images.xcassets in Resources */,
				ED6B08D71B97FAD9009068E9 /* facebook.png in Resources */,
			);
			runOnlyForDeploymentPostprocessing = 0;
		};
		ED9401201B96D467001BCE2D /* Resources */ = {
			isa = PBXResourcesBuildPhase;
			buildActionMask = 2147483647;
			files = (
			);
			runOnlyForDeploymentPostprocessing = 0;
		};
/* End PBXResourcesBuildPhase section */

/* Begin PBXSourcesBuildPhase section */
		ED9401051B96D467001BCE2D /* Sources */ = {
			isa = PBXSourcesBuildPhase;
			buildActionMask = 2147483647;
			files = (
				ED9401121B96D467001BCE2D /* AppDelegate.m in Sources */,
				ED94010F1B96D467001BCE2D /* main.m in Sources */,
				ED6B08E81B9809E1009068E9 /* CustomDetailTableViewCell.m in Sources */,
				ED3618A71B96FB8F0095E48A /* CustomTableViewCell.m in Sources */,
				ED6B08E51B9803ED009068E9 /* GITSImageSlideViewController.swift in Sources */,
				ED9401401B96D4BA001BCE2D /* HomeViewController.m in Sources */,
				ED36189E1B96E6050095E48A /* SideMenuTableViewController.m in Sources */,
				ED94013C1B96D492001BCE2D /* SWRevealViewController.m in Sources */,
				ED6B08CD1B97ED0E009068E9 /* DetailViewController.m in Sources */,
			);
			runOnlyForDeploymentPostprocessing = 0;
		};
		ED94011E1B96D467001BCE2D /* Sources */ = {
			isa = PBXSourcesBuildPhase;
			buildActionMask = 2147483647;
			files = (
				ED9401291B96D467001BCE2D /* Senate_NewsTests.m in Sources */,
			);
			runOnlyForDeploymentPostprocessing = 0;
		};
/* End PBXSourcesBuildPhase section */

/* Begin PBXTargetDependency section */
		ED9401241B96D467001BCE2D /* PBXTargetDependency */ = {
			isa = PBXTargetDependency;
			target = ED9401081B96D467001BCE2D /* Senate News */;
			targetProxy = ED9401231B96D467001BCE2D /* PBXContainerItemProxy */;
		};
/* End PBXTargetDependency section */

/* Begin PBXVariantGroup section */
		ED9401161B96D467001BCE2D /* Main.storyboard */ = {
			isa = PBXVariantGroup;
			children = (
				ED9401171B96D467001BCE2D /* Base */,
			);
			name = Main.storyboard;
			sourceTree = "<group>";
		};
		ED94011B1B96D467001BCE2D /* LaunchScreen.xib */ = {
			isa = PBXVariantGroup;
			children = (
				ED94011C1B96D467001BCE2D /* Base */,
			);
			name = LaunchScreen.xib;
			sourceTree = "<group>";
		};
/* End PBXVariantGroup section */

/* Begin XCBuildConfiguration section */
		ED94012A1B96D467001BCE2D /* Debug */ = {
			isa = XCBuildConfiguration;
			buildSettings = {
				ALWAYS_SEARCH_USER_PATHS = NO;
				CLANG_CXX_LANGUAGE_STANDARD = "gnu++0x";
				CLANG_CXX_LIBRARY = "libc++";
				CLANG_ENABLE_MODULES = YES;
				CLANG_ENABLE_OBJC_ARC = YES;
				CLANG_WARN_BOOL_CONVERSION = YES;
				CLANG_WARN_CONSTANT_CONVERSION = YES;
				CLANG_WARN_DIRECT_OBJC_ISA_USAGE = YES_ERROR;
				CLANG_WARN_EMPTY_BODY = YES;
				CLANG_WARN_ENUM_CONVERSION = YES;
				CLANG_WARN_INT_CONVERSION = YES;
				CLANG_WARN_OBJC_ROOT_CLASS = YES_ERROR;
				CLANG_WARN_UNREACHABLE_CODE = YES;
				CLANG_WARN__DUPLICATE_METHOD_MATCH = YES;
				"CODE_SIGN_IDENTITY[sdk=iphoneos*]" = "iPhone Developer";
				COPY_PHASE_STRIP = NO;
				DEBUG_INFORMATION_FORMAT = "dwarf-with-dsym";
				ENABLE_STRICT_OBJC_MSGSEND = YES;
				GCC_C_LANGUAGE_STANDARD = gnu99;
				GCC_DYNAMIC_NO_PIC = NO;
				GCC_NO_COMMON_BLOCKS = YES;
				GCC_OPTIMIZATION_LEVEL = 0;
				GCC_PREPROCESSOR_DEFINITIONS = (
					"DEBUG=1",
					"$(inherited)",
				);
				GCC_SYMBOLS_PRIVATE_EXTERN = NO;
				GCC_WARN_64_TO_32_BIT_CONVERSION = YES;
				GCC_WARN_ABOUT_RETURN_TYPE = YES_ERROR;
				GCC_WARN_UNDECLARED_SELECTOR = YES;
				GCC_WARN_UNINITIALIZED_AUTOS = YES_AGGRESSIVE;
				GCC_WARN_UNUSED_FUNCTION = YES;
				GCC_WARN_UNUSED_VARIABLE = YES;
				IPHONEOS_DEPLOYMENT_TARGET = 8.3;
				MTL_ENABLE_DEBUG_INFO = YES;
				ONLY_ACTIVE_ARCH = YES;
				SDKROOT = iphoneos;
			};
			name = Debug;
		};
		ED94012B1B96D467001BCE2D /* Release */ = {
			isa = XCBuildConfiguration;
			buildSettings = {
				ALWAYS_SEARCH_USER_PATHS = NO;
				CLANG_CXX_LANGUAGE_STANDARD = "gnu++0x";
				CLANG_CXX_LIBRARY = "libc++";
				CLANG_ENABLE_MODULES = YES;
				CLANG_ENABLE_OBJC_ARC = YES;
				CLANG_WARN_BOOL_CONVERSION = YES;
				CLANG_WARN_CONSTANT_CONVERSION = YES;
				CLANG_WARN_DIRECT_OBJC_ISA_USAGE = YES_ERROR;
				CLANG_WARN_EMPTY_BODY = YES;
				CLANG_WARN_ENUM_CONVERSION = YES;
				CLANG_WARN_INT_CONVERSION = YES;
				CLANG_WARN_OBJC_ROOT_CLASS = YES_ERROR;
				CLANG_WARN_UNREACHABLE_CODE = YES;
				CLANG_WARN__DUPLICATE_METHOD_MATCH = YES;
				"CODE_SIGN_IDENTITY[sdk=iphoneos*]" = "iPhone Developer";
				COPY_PHASE_STRIP = NO;
				DEBUG_INFORMATION_FORMAT = "dwarf-with-dsym";
				ENABLE_NS_ASSERTIONS = NO;
				ENABLE_STRICT_OBJC_MSGSEND = YES;
				GCC_C_LANGUAGE_STANDARD = gnu99;
				GCC_NO_COMMON_BLOCKS = YES;
				GCC_WARN_64_TO_32_BIT_CONVERSION = YES;
				GCC_WARN_ABOUT_RETURN_TYPE = YES_ERROR;
				GCC_WARN_UNDECLARED_SELECTOR = YES;
				GCC_WARN_UNINITIALIZED_AUTOS = YES_AGGRESSIVE;
				GCC_WARN_UNUSED_FUNCTION = YES;
				GCC_WARN_UNUSED_VARIABLE = YES;
				IPHONEOS_DEPLOYMENT_TARGET = 8.3;
				MTL_ENABLE_DEBUG_INFO = NO;
				SDKROOT = iphoneos;
				VALIDATE_PRODUCT = YES;
			};
			name = Release;
		};
		ED94012D1B96D467001BCE2D /* Debug */ = {
			isa = XCBuildConfiguration;
			buildSettings = {
				ASSETCATALOG_COMPILER_APPICON_NAME = AppIcon;
				CLANG_ENABLE_MODULES = YES;
				INFOPLIST_FILE = "Senate News/Info.plist";
				IPHONEOS_DEPLOYMENT_TARGET = 7.1;
				LD_RUNPATH_SEARCH_PATHS = "$(inherited) @executable_path/Frameworks";
				PRODUCT_NAME = "$(TARGET_NAME)";
				SWIFT_OBJC_BRIDGING_HEADER = "Senate News/Senate News-Bridging-Header.h";
				SWIFT_OPTIMIZATION_LEVEL = "-Onone";
			};
			name = Debug;
		};
		ED94012E1B96D467001BCE2D /* Release */ = {
			isa = XCBuildConfiguration;
			buildSettings = {
				ASSETCATALOG_COMPILER_APPICON_NAME = AppIcon;
				CLANG_ENABLE_MODULES = YES;
				INFOPLIST_FILE = "Senate News/Info.plist";
				IPHONEOS_DEPLOYMENT_TARGET = 7.1;
				LD_RUNPATH_SEARCH_PATHS = "$(inherited) @executable_path/Frameworks";
				PRODUCT_NAME = "$(TARGET_NAME)";
				SWIFT_OBJC_BRIDGING_HEADER = "Senate News/Senate News-Bridging-Header.h";
			};
			name = Release;
		};
		ED9401301B96D467001BCE2D /* Debug */ = {
			isa = XCBuildConfiguration;
			buildSettings = {
				BUNDLE_LOADER = "$(TEST_HOST)";
				FRAMEWORK_SEARCH_PATHS = (
					"$(SDKROOT)/Developer/Library/Frameworks",
					"$(inherited)",
				);
				GCC_PREPROCESSOR_DEFINITIONS = (
					"DEBUG=1",
					"$(inherited)",
				);
				INFOPLIST_FILE = "Senate NewsTests/Info.plist";
				LD_RUNPATH_SEARCH_PATHS = "$(inherited) @executable_path/Frameworks @loader_path/Frameworks";
				PRODUCT_NAME = "$(TARGET_NAME)";
				TEST_HOST = "$(BUILT_PRODUCTS_DIR)/Senate News.app/Senate News";
			};
			name = Debug;
		};
		ED9401311B96D467001BCE2D /* Release */ = {
			isa = XCBuildConfiguration;
			buildSettings = {
				BUNDLE_LOADER = "$(TEST_HOST)";
				FRAMEWORK_SEARCH_PATHS = (
					"$(SDKROOT)/Developer/Library/Frameworks",
					"$(inherited)",
				);
				INFOPLIST_FILE = "Senate NewsTests/Info.plist";
				LD_RUNPATH_SEARCH_PATHS = "$(inherited) @executable_path/Frameworks @loader_path/Frameworks";
				PRODUCT_NAME = "$(TARGET_NAME)";
				TEST_HOST = "$(BUILT_PRODUCTS_DIR)/Senate News.app/Senate News";
			};
			name = Release;
		};
/* End XCBuildConfiguration section */

/* Begin XCConfigurationList section */
		ED9401041B96D466001BCE2D /* Build configuration list for PBXProject "Senate News" */ = {
			isa = XCConfigurationList;
			buildConfigurations = (
				ED94012A1B96D467001BCE2D /* Debug */,
				ED94012B1B96D467001BCE2D /* Release */,
			);
			defaultConfigurationIsVisible = 0;
			defaultConfigurationName = Release;
		};
		ED94012C1B96D467001BCE2D /* Build configuration list for PBXNativeTarget "Senate News" */ = {
			isa = XCConfigurationList;
			buildConfigurations = (
				ED94012D1B96D467001BCE2D /* Debug */,
				ED94012E1B96D467001BCE2D /* Release */,
			);
			defaultConfigurationIsVisible = 0;
			defaultConfigurationName = Release;
		};
		ED94012F1B96D467001BCE2D /* Build configuration list for PBXNativeTarget "Senate NewsTests" */ = {
			isa = XCConfigurationList;
			buildConfigurations = (
				ED9401301B96D467001BCE2D /* Debug */,
				ED9401311B96D467001BCE2D /* Release */,
			);
			defaultConfigurationIsVisible = 0;
			defaultConfigurationName = Release;
		};
/* End XCConfigurationList section */
	};
	rootObject = ED9401011B96D466001BCE2D /* Project object */;
}
