// !$*UTF8*$!
{
	archiveVersion = 1;
	classes = {
	};
	objectVersion = 46;
	objects = {

/* Begin PBXBuildFile section */
		ED0683531BB2ADC700F70DE6 /* ScheduleSearchViewController.m in Sources */ = {isa = PBXBuildFile; fileRef = ED0683521BB2ADC700F70DE6 /* ScheduleSearchViewController.m */; };
		ED36189E1B96E6050095E48A /* SideMenuTableViewController.m in Sources */ = {isa = PBXBuildFile; fileRef = ED36189D1B96E6050095E48A /* SideMenuTableViewController.m */; };
		ED3618A71B96FB8F0095E48A /* CustomTableViewCell.m in Sources */ = {isa = PBXBuildFile; fileRef = ED3618A61B96FB8F0095E48A /* CustomTableViewCell.m */; };
		ED367CE41BA2D2F500481BE7 /* Back-100.png in Resources */ = {isa = PBXBuildFile; fileRef = ED367CE31BA2D2F500481BE7 /* Back-100.png */; };
		ED367CE81BA2D47900481BE7 /* munu_b.png in Resources */ = {isa = PBXBuildFile; fileRef = ED367CE61BA2D47900481BE7 /* munu_b.png */; };
		ED367CEA1BA2D4CA00481BE7 /* menu_b_p.png in Resources */ = {isa = PBXBuildFile; fileRef = ED367CE91BA2D4CA00481BE7 /* menu_b_p.png */; };
		ED367CEC1BA2D57900481BE7 /* menu.png in Resources */ = {isa = PBXBuildFile; fileRef = ED367CEB1BA2D57900481BE7 /* menu.png */; };
		ED367CF11BA2DE1200481BE7 /* ShowImageViewController.m in Sources */ = {isa = PBXBuildFile; fileRef = ED367CF01BA2DE1200481BE7 /* ShowImageViewController.m */; };
		ED367CF31BA2E18E00481BE7 /* close.png in Resources */ = {isa = PBXBuildFile; fileRef = ED367CF21BA2E18E00481BE7 /* close.png */; };
		ED566F681BB8FB7100468F89 /* topic.png in Resources */ = {isa = PBXBuildFile; fileRef = ED566F611BB8FB7100468F89 /* topic.png */; };
		ED566F691BB8FB7100468F89 /* clock.png in Resources */ = {isa = PBXBuildFile; fileRef = ED566F621BB8FB7100468F89 /* clock.png */; };
		ED566F6A1BB8FB7100468F89 /* description.png in Resources */ = {isa = PBXBuildFile; fileRef = ED566F631BB8FB7100468F89 /* description.png */; };
		ED566F6B1BB8FB7100468F89 /* links12.png in Resources */ = {isa = PBXBuildFile; fileRef = ED566F641BB8FB7100468F89 /* links12.png */; };
		ED566F6C1BB8FB7100468F89 /* type.png in Resources */ = {isa = PBXBuildFile; fileRef = ED566F651BB8FB7100468F89 /* type.png */; };
		ED566F6D1BB8FB7100468F89 /* location.png in Resources */ = {isa = PBXBuildFile; fileRef = ED566F661BB8FB7100468F89 /* location.png */; };
		ED6B08CD1B97ED0E009068E9 /* DetailViewController.m in Sources */ = {isa = PBXBuildFile; fileRef = ED6B08CC1B97ED0E009068E9 /* DetailViewController.m */; };
		ED6B08D71B97FAD9009068E9 /* facebook.png in Resources */ = {isa = PBXBuildFile; fileRef = ED6B08D61B97FAD9009068E9 /* facebook.png */; };
		ED6B08E81B9809E1009068E9 /* CustomDetailTableViewCell.m in Sources */ = {isa = PBXBuildFile; fileRef = ED6B08E71B9809E1009068E9 /* CustomDetailTableViewCell.m */; };
		ED81C3CE1BC4C84600A4FBE4 /* 640 x 960.png in Resources */ = {isa = PBXBuildFile; fileRef = ED81C3CA1BC4C84600A4FBE4 /* 640 x 960.png */; };
		ED81C3CF1BC4C84600A4FBE4 /* 640 x 1136.png in Resources */ = {isa = PBXBuildFile; fileRef = ED81C3CB1BC4C84600A4FBE4 /* 640 x 1136.png */; };
		ED81C3D01BC4C84600A4FBE4 /* 750 x 1334.png in Resources */ = {isa = PBXBuildFile; fileRef = ED81C3CC1BC4C84600A4FBE4 /* 750 x 1334.png */; };
		ED81C3D11BC4C84600A4FBE4 /* 1242 x 2208.png in Resources */ = {isa = PBXBuildFile; fileRef = ED81C3CD1BC4C84600A4FBE4 /* 1242 x 2208.png */; };
		ED81C3D41BC4CB0700A4FBE4 /* ipad1.png in Resources */ = {isa = PBXBuildFile; fileRef = ED81C3D21BC4CB0700A4FBE4 /* ipad1.png */; };
		ED81C3D51BC4CB0700A4FBE4 /* ipad2.png in Resources */ = {isa = PBXBuildFile; fileRef = ED81C3D31BC4CB0700A4FBE4 /* ipad2.png */; };
		ED8761781B9EE8EB00C0E7BE /* GITSRefreshAndLoadMore.m in Sources */ = {isa = PBXBuildFile; fileRef = ED8761771B9EE8EB00C0E7BE /* GITSRefreshAndLoadMore.m */; };
		ED87617F1B9EEADB00C0E7BE /* load_01.png in Resources */ = {isa = PBXBuildFile; fileRef = ED8761791B9EEADB00C0E7BE /* load_01.png */; };
		ED8761801B9EEADB00C0E7BE /* load_02.png in Resources */ = {isa = PBXBuildFile; fileRef = ED87617A1B9EEADB00C0E7BE /* load_02.png */; };
		ED8761811B9EEADB00C0E7BE /* load_03.png in Resources */ = {isa = PBXBuildFile; fileRef = ED87617B1B9EEADB00C0E7BE /* load_03.png */; };
		ED8761821B9EEADB00C0E7BE /* load_04.png in Resources */ = {isa = PBXBuildFile; fileRef = ED87617C1B9EEADB00C0E7BE /* load_04.png */; };
		ED8761831B9EEADB00C0E7BE /* load_05.png in Resources */ = {isa = PBXBuildFile; fileRef = ED87617D1B9EEADB00C0E7BE /* load_05.png */; };
		ED8761841B9EEADB00C0E7BE /* load_06.png in Resources */ = {isa = PBXBuildFile; fileRef = ED87617E1B9EEADB00C0E7BE /* load_06.png */; };
		ED8F519F1BB542890066DC35 /* Download-100.png in Resources */ = {isa = PBXBuildFile; fileRef = ED8F519E1BB542890066DC35 /* Download-100.png */; };
		ED94010F1B96D467001BCE2D /* main.m in Sources */ = {isa = PBXBuildFile; fileRef = ED94010E1B96D467001BCE2D /* main.m */; };
		ED9401121B96D467001BCE2D /* AppDelegate.m in Sources */ = {isa = PBXBuildFile; fileRef = ED9401111B96D467001BCE2D /* AppDelegate.m */; };
		ED9401181B96D467001BCE2D /* Main.storyboard in Resources */ = {isa = PBXBuildFile; fileRef = ED9401161B96D467001BCE2D /* Main.storyboard */; };
		ED94011A1B96D467001BCE2D /* Images.xcassets in Resources */ = {isa = PBXBuildFile; fileRef = ED9401191B96D467001BCE2D /* Images.xcassets */; };
		ED94011D1B96D467001BCE2D /* LaunchScreen.xib in Resources */ = {isa = PBXBuildFile; fileRef = ED94011B1B96D467001BCE2D /* LaunchScreen.xib */; };
		ED9401291B96D467001BCE2D /* Senate_NewsTests.m in Sources */ = {isa = PBXBuildFile; fileRef = ED9401281B96D467001BCE2D /* Senate_NewsTests.m */; };
		ED9401401B96D4BA001BCE2D /* HomeViewController.m in Sources */ = {isa = PBXBuildFile; fileRef = ED94013F1B96D4BA001BCE2D /* HomeViewController.m */; };
		ED9401431B96D687001BCE2D /* Search Filled-50.png in Resources */ = {isa = PBXBuildFile; fileRef = ED9401411B96D687001BCE2D /* Search Filled-50.png */; };
		ED9401441B96D687001BCE2D /* Search-50.png in Resources */ = {isa = PBXBuildFile; fileRef = ED9401421B96D687001BCE2D /* Search-50.png */; };
		ED94FDE11B9834A1006A257E /* none_photo.png in Resources */ = {isa = PBXBuildFile; fileRef = ED94FDE01B9834A1006A257E /* none_photo.png */; };
		ED94FDE31B9842F7006A257E /* photo_page_icon.png in Resources */ = {isa = PBXBuildFile; fileRef = ED94FDE21B9842F7006A257E /* photo_page_icon.png */; };
		EDA3BF5B1B994AA500F8334B /* ShareObject.m in Sources */ = {isa = PBXBuildFile; fileRef = EDA3BF5A1B994AA500F8334B /* ShareObject.m */; };
		EDA3BF5E1B994C4A00F8334B /* AppUtils.m in Sources */ = {isa = PBXBuildFile; fileRef = EDA3BF5D1B994C4A00F8334B /* AppUtils.m */; };
		EDA852D81B982DDF009C2B92 /* SWRevealViewController.m in Sources */ = {isa = PBXBuildFile; fileRef = EDA852D71B982DDF009C2B92 /* SWRevealViewController.m */; };
		EDB9C8E21BBA3D850051249D /* home.png in Resources */ = {isa = PBXBuildFile; fileRef = EDB9C8E11BBA3D850051249D /* home.png */; };
		EDB9C8E41BBA3D9B0051249D /* info.png in Resources */ = {isa = PBXBuildFile; fileRef = EDB9C8E31BBA3D9B0051249D /* info.png */; };
		EDB9C8E61BBA3DEC0051249D /* news.png in Resources */ = {isa = PBXBuildFile; fileRef = EDB9C8E51BBA3DEC0051249D /* news.png */; };
		EDBD300F1BA9010F007E89DE /* SearchTableViewController.m in Sources */ = {isa = PBXBuildFile; fileRef = EDBD300E1BA9010F007E89DE /* SearchTableViewController.m */; };
		EDBD30131BA90176007E89DE /* CustomSearchTableViewCell.m in Sources */ = {isa = PBXBuildFile; fileRef = EDBD30121BA90176007E89DE /* CustomSearchTableViewCell.m */; };
		EDD15FDD1B9D936F00D46393 /* ConnectionManager.m in Sources */ = {isa = PBXBuildFile; fileRef = EDD15FDC1B9D936F00D46393 /* ConnectionManager.m */; };
		EDD696141BC25D1E00B0F2B1 /* SDWebImageCompat.m in Sources */ = {isa = PBXBuildFile; fileRef = EDD696121BC25D1E00B0F2B1 /* SDWebImageCompat.m */; };
		EDD696191BC25D2B00B0F2B1 /* SDWebImageDownloader.m in Sources */ = {isa = PBXBuildFile; fileRef = EDD696161BC25D2B00B0F2B1 /* SDWebImageDownloader.m */; };
		EDD6961A1BC25D2B00B0F2B1 /* SDWebImageDownloaderOperation.m in Sources */ = {isa = PBXBuildFile; fileRef = EDD696181BC25D2B00B0F2B1 /* SDWebImageDownloaderOperation.m */; };
		EDD6961D1BC25D3800B0F2B1 /* SDImageCache.m in Sources */ = {isa = PBXBuildFile; fileRef = EDD6961C1BC25D3800B0F2B1 /* SDImageCache.m */; };
		EDD696241BC25D4200B0F2B1 /* SDWebImageManager.m in Sources */ = {isa = PBXBuildFile; fileRef = EDD6961F1BC25D4200B0F2B1 /* SDWebImageManager.m */; };
		EDD696251BC25D4200B0F2B1 /* SDWebImageDecoder.m in Sources */ = {isa = PBXBuildFile; fileRef = EDD696211BC25D4200B0F2B1 /* SDWebImageDecoder.m */; };
		EDD696261BC25D4200B0F2B1 /* SDWebImagePrefetcher.m in Sources */ = {isa = PBXBuildFile; fileRef = EDD696231BC25D4200B0F2B1 /* SDWebImagePrefetcher.m */; };
		EDD696391BC25D4C00B0F2B1 /* MKAnnotationView+WebCache.m in Sources */ = {isa = PBXBuildFile; fileRef = EDD696281BC25D4C00B0F2B1 /* MKAnnotationView+WebCache.m */; };
		EDD6963A1BC25D4C00B0F2B1 /* NSData+ImageContentType.m in Sources */ = {isa = PBXBuildFile; fileRef = EDD6962A1BC25D4C00B0F2B1 /* NSData+ImageContentType.m */; };
		EDD6963B1BC25D4C00B0F2B1 /* UIButton+WebCache.m in Sources */ = {isa = PBXBuildFile; fileRef = EDD6962C1BC25D4C00B0F2B1 /* UIButton+WebCache.m */; };
		EDD6963C1BC25D4C00B0F2B1 /* UIImage+GIF.m in Sources */ = {isa = PBXBuildFile; fileRef = EDD6962E1BC25D4C00B0F2B1 /* UIImage+GIF.m */; };
		EDD6963D1BC25D4C00B0F2B1 /* UIImage+MultiFormat.m in Sources */ = {isa = PBXBuildFile; fileRef = EDD696301BC25D4C00B0F2B1 /* UIImage+MultiFormat.m */; };
		EDD6963E1BC25D4C00B0F2B1 /* UIImage+WebP.m in Sources */ = {isa = PBXBuildFile; fileRef = EDD696321BC25D4C00B0F2B1 /* UIImage+WebP.m */; };
		EDD6963F1BC25D4C00B0F2B1 /* UIImageView+HighlightedWebCache.m in Sources */ = {isa = PBXBuildFile; fileRef = EDD696341BC25D4C00B0F2B1 /* UIImageView+HighlightedWebCache.m */; };
		EDD696401BC25D4C00B0F2B1 /* UIImageView+WebCache.m in Sources */ = {isa = PBXBuildFile; fileRef = EDD696361BC25D4C00B0F2B1 /* UIImageView+WebCache.m */; };
		EDD696411BC25D4C00B0F2B1 /* UIView+WebCacheOperation.m in Sources */ = {isa = PBXBuildFile; fileRef = EDD696381BC25D4C00B0F2B1 /* UIView+WebCacheOperation.m */; };
		EDE27ABF1B9E97EA000AB507 /* MyViewController.m in Sources */ = {isa = PBXBuildFile; fileRef = EDE27ABE1B9E97EA000AB507 /* MyViewController.m */; };
		EDE27AC31B9ED235000AB507 /* MBProgressHUD.m in Sources */ = {isa = PBXBuildFile; fileRef = EDE27AC21B9ED235000AB507 /* MBProgressHUD.m */; };
		EDE386A71BAFF958008403A7 /* CategoryViewController.m in Sources */ = {isa = PBXBuildFile; fileRef = EDE386A61BAFF958008403A7 /* CategoryViewController.m */; };
		FD2771F71B9877DB005906D4 /* Reachability.m in Sources */ = {isa = PBXBuildFile; fileRef = FD2771F61B9877DB005906D4 /* Reachability.m */; };
		FD35EA571BBA312300B3C5C3 /* KhmerOSBattambang-Bold.ttf in Resources */ = {isa = PBXBuildFile; fileRef = FD35EA551BBA312300B3C5C3 /* KhmerOSBattambang-Bold.ttf */; };
		FD35EA581BBA312300B3C5C3 /* KhmerOSBattambang-Regular.ttf in Resources */ = {isa = PBXBuildFile; fileRef = FD35EA561BBA312300B3C5C3 /* KhmerOSBattambang-Regular.ttf */; };
		FD35EA5C1BBA78E300B3C5C3 /* calendar.png in Resources */ = {isa = PBXBuildFile; fileRef = FD35EA5B1BBA78E300B3C5C3 /* calendar.png */; };
		FD3BF0F71BB5477400F7BBE6 /* senate.png in Resources */ = {isa = PBXBuildFile; fileRef = FD3BF0F61BB5477400F7BBE6 /* senate.png */; };
		FD3BF0FB1BB5488600F7BBE6 /* AppViewController.m in Sources */ = {isa = PBXBuildFile; fileRef = FD3BF0FA1BB5488600F7BBE6 /* AppViewController.m */; };
		FD3BF1011BB554ED00F7BBE6 /* Simple-Logo-GITS.png in Resources */ = {isa = PBXBuildFile; fileRef = FD3BF1001BB554ED00F7BBE6 /* Simple-Logo-GITS.png */; };
		FD3BF1031BB554F500F7BBE6 /* logo.png in Resources */ = {isa = PBXBuildFile; fileRef = FD3BF1021BB554F500F7BBE6 /* logo.png */; };
		FD3BF1061BB556D300F7BBE6 /* AboutUsViewController.m in Sources */ = {isa = PBXBuildFile; fileRef = FD3BF1051BB556D300F7BBE6 /* AboutUsViewController.m */; };
		FD430D281BB28E6F00B3E524 /* ScheduleDetailTableViewController.m in Sources */ = {isa = PBXBuildFile; fileRef = FD430D271BB28E6F00B3E524 /* ScheduleDetailTableViewController.m */; };
		FD430D2B1BB28EBA00B3E524 /* ScheduleDetailTableViewCell.m in Sources */ = {isa = PBXBuildFile; fileRef = FD430D2A1BB28EBA00B3E524 /* ScheduleDetailTableViewCell.m */; };
		FD5C1EC11BA11C7400C79177 /* Social.framework in Frameworks */ = {isa = PBXBuildFile; fileRef = FD5C1EC01BA11C7400C79177 /* Social.framework */; };
		FD5C1ECC1BA16F7500C79177 /* DXPopover.m in Sources */ = {isa = PBXBuildFile; fileRef = FD5C1ECB1BA16F7500C79177 /* DXPopover.m */; };
		FD9532731BB0E55B0024D585 /* ScheduleTableViewCell.m in Sources */ = {isa = PBXBuildFile; fileRef = FD9532721BB0E55B0024D585 /* ScheduleTableViewCell.m */; };
		FDA4BB421BC208EE001918DE /* logo_small.png in Resources */ = {isa = PBXBuildFile; fileRef = FDA4BB411BC208EE001918DE /* logo_small.png */; };
		FDD00C4B1BAFA7F900F74057 /* schedule.png in Resources */ = {isa = PBXBuildFile; fileRef = FDD00C481BAFA7F900F74057 /* schedule.png */; };
		FDD00C4E1BAFD0D300F74057 /* ScheduleTableViewController.m in Sources */ = {isa = PBXBuildFile; fileRef = FDD00C4D1BAFD0D300F74057 /* ScheduleTableViewController.m */; };
		FDD0A4AF1BA277320046F4CE /* date_icon.png in Resources */ = {isa = PBXBuildFile; fileRef = FDD0A4AC1BA277320046F4CE /* date_icon.png */; };
		FDD0A4B51BA286270046F4CE /* author_icon.png in Resources */ = {isa = PBXBuildFile; fileRef = FDD0A4B21BA286270046F4CE /* author_icon.png */; };
		FDD0A4B61BA286270046F4CE /* character_icon.png in Resources */ = {isa = PBXBuildFile; fileRef = FDD0A4B31BA286270046F4CE /* character_icon.png */; };
		FDD0A4B71BA286270046F4CE /* id_icon.png in Resources */ = {isa = PBXBuildFile; fileRef = FDD0A4B41BA286270046F4CE /* id_icon.png */; };
/* End PBXBuildFile section */

/* Begin PBXContainerItemProxy section */
		ED9401231B96D467001BCE2D /* PBXContainerItemProxy */ = {
			isa = PBXContainerItemProxy;
			containerPortal = ED9401011B96D466001BCE2D /* Project object */;
			proxyType = 1;
			remoteGlobalIDString = ED9401081B96D467001BCE2D;
			remoteInfo = "Senate News";
		};
/* End PBXContainerItemProxy section */

/* Begin PBXFileReference section */
		ED0683511BB2ADC700F70DE6 /* ScheduleSearchViewController.h */ = {isa = PBXFileReference; fileEncoding = 4; lastKnownFileType = sourcecode.c.h; path = ScheduleSearchViewController.h; sourceTree = "<group>"; };
		ED0683521BB2ADC700F70DE6 /* ScheduleSearchViewController.m */ = {isa = PBXFileReference; fileEncoding = 4; lastKnownFileType = sourcecode.c.objc; path = ScheduleSearchViewController.m; sourceTree = "<group>"; };
		ED36189C1B96E6050095E48A /* SideMenuTableViewController.h */ = {isa = PBXFileReference; fileEncoding = 4; lastKnownFileType = sourcecode.c.h; path = SideMenuTableViewController.h; sourceTree = "<group>"; };
		ED36189D1B96E6050095E48A /* SideMenuTableViewController.m */ = {isa = PBXFileReference; fileEncoding = 4; lastKnownFileType = sourcecode.c.objc; path = SideMenuTableViewController.m; sourceTree = "<group>"; };
		ED3618A51B96FB8F0095E48A /* CustomTableViewCell.h */ = {isa = PBXFileReference; fileEncoding = 4; lastKnownFileType = sourcecode.c.h; path = CustomTableViewCell.h; sourceTree = "<group>"; };
		ED3618A61B96FB8F0095E48A /* CustomTableViewCell.m */ = {isa = PBXFileReference; fileEncoding = 4; lastKnownFileType = sourcecode.c.objc; path = CustomTableViewCell.m; sourceTree = "<group>"; };
		ED367CE31BA2D2F500481BE7 /* Back-100.png */ = {isa = PBXFileReference; lastKnownFileType = image.png; path = "Back-100.png"; sourceTree = "<group>"; };
		ED367CE61BA2D47900481BE7 /* munu_b.png */ = {isa = PBXFileReference; lastKnownFileType = image.png; path = munu_b.png; sourceTree = "<group>"; };
		ED367CE91BA2D4CA00481BE7 /* menu_b_p.png */ = {isa = PBXFileReference; lastKnownFileType = image.png; path = menu_b_p.png; sourceTree = "<group>"; };
		ED367CEB1BA2D57900481BE7 /* menu.png */ = {isa = PBXFileReference; lastKnownFileType = image.png; path = menu.png; sourceTree = "<group>"; };
		ED367CEF1BA2DE1200481BE7 /* ShowImageViewController.h */ = {isa = PBXFileReference; fileEncoding = 4; lastKnownFileType = sourcecode.c.h; path = ShowImageViewController.h; sourceTree = "<group>"; };
		ED367CF01BA2DE1200481BE7 /* ShowImageViewController.m */ = {isa = PBXFileReference; fileEncoding = 4; lastKnownFileType = sourcecode.c.objc; path = ShowImageViewController.m; sourceTree = "<group>"; };
		ED367CF21BA2E18E00481BE7 /* close.png */ = {isa = PBXFileReference; lastKnownFileType = image.png; path = close.png; sourceTree = "<group>"; };
		ED566F611BB8FB7100468F89 /* topic.png */ = {isa = PBXFileReference; lastKnownFileType = image.png; path = topic.png; sourceTree = "<group>"; };
		ED566F621BB8FB7100468F89 /* clock.png */ = {isa = PBXFileReference; lastKnownFileType = image.png; path = clock.png; sourceTree = "<group>"; };
		ED566F631BB8FB7100468F89 /* description.png */ = {isa = PBXFileReference; lastKnownFileType = image.png; path = description.png; sourceTree = "<group>"; };
		ED566F641BB8FB7100468F89 /* links12.png */ = {isa = PBXFileReference; lastKnownFileType = image.png; path = links12.png; sourceTree = "<group>"; };
		ED566F651BB8FB7100468F89 /* type.png */ = {isa = PBXFileReference; lastKnownFileType = image.png; path = type.png; sourceTree = "<group>"; };
		ED566F661BB8FB7100468F89 /* location.png */ = {isa = PBXFileReference; lastKnownFileType = image.png; path = location.png; sourceTree = "<group>"; };
		ED6B08CB1B97ED0E009068E9 /* DetailViewController.h */ = {isa = PBXFileReference; fileEncoding = 4; lastKnownFileType = sourcecode.c.h; path = DetailViewController.h; sourceTree = "<group>"; };
		ED6B08CC1B97ED0E009068E9 /* DetailViewController.m */ = {isa = PBXFileReference; fileEncoding = 4; lastKnownFileType = sourcecode.c.objc; path = DetailViewController.m; sourceTree = "<group>"; };
		ED6B08D61B97FAD9009068E9 /* facebook.png */ = {isa = PBXFileReference; lastKnownFileType = image.png; path = facebook.png; sourceTree = "<group>"; };
		ED6B08E31B9803ED009068E9 /* Senate News-Bridging-Header.h */ = {isa = PBXFileReference; lastKnownFileType = sourcecode.c.h; path = "Senate News-Bridging-Header.h"; sourceTree = "<group>"; };
		ED6B08E61B9809E1009068E9 /* CustomDetailTableViewCell.h */ = {isa = PBXFileReference; fileEncoding = 4; lastKnownFileType = sourcecode.c.h; path = CustomDetailTableViewCell.h; sourceTree = "<group>"; };
		ED6B08E71B9809E1009068E9 /* CustomDetailTableViewCell.m */ = {isa = PBXFileReference; fileEncoding = 4; lastKnownFileType = sourcecode.c.objc; path = CustomDetailTableViewCell.m; sourceTree = "<group>"; };
		ED81C3CA1BC4C84600A4FBE4 /* 640 x 960.png */ = {isa = PBXFileReference; lastKnownFileType = image.png; path = "640 x 960.png"; sourceTree = "<group>"; };
		ED81C3CB1BC4C84600A4FBE4 /* 640 x 1136.png */ = {isa = PBXFileReference; lastKnownFileType = image.png; path = "640 x 1136.png"; sourceTree = "<group>"; };
		ED81C3CC1BC4C84600A4FBE4 /* 750 x 1334.png */ = {isa = PBXFileReference; lastKnownFileType = image.png; path = "750 x 1334.png"; sourceTree = "<group>"; };
		ED81C3CD1BC4C84600A4FBE4 /* 1242 x 2208.png */ = {isa = PBXFileReference; lastKnownFileType = image.png; path = "1242 x 2208.png"; sourceTree = "<group>"; };
		ED81C3D21BC4CB0700A4FBE4 /* ipad1.png */ = {isa = PBXFileReference; lastKnownFileType = image.png; path = ipad1.png; sourceTree = "<group>"; };
		ED81C3D31BC4CB0700A4FBE4 /* ipad2.png */ = {isa = PBXFileReference; lastKnownFileType = image.png; path = ipad2.png; sourceTree = "<group>"; };
		ED8761761B9EE8EB00C0E7BE /* GITSRefreshAndLoadMore.h */ = {isa = PBXFileReference; fileEncoding = 4; lastKnownFileType = sourcecode.c.h; path = GITSRefreshAndLoadMore.h; sourceTree = "<group>"; };
		ED8761771B9EE8EB00C0E7BE /* GITSRefreshAndLoadMore.m */ = {isa = PBXFileReference; fileEncoding = 4; lastKnownFileType = sourcecode.c.objc; path = GITSRefreshAndLoadMore.m; sourceTree = "<group>"; };
		ED8761791B9EEADB00C0E7BE /* load_01.png */ = {isa = PBXFileReference; lastKnownFileType = image.png; path = load_01.png; sourceTree = "<group>"; };
		ED87617A1B9EEADB00C0E7BE /* load_02.png */ = {isa = PBXFileReference; lastKnownFileType = image.png; path = load_02.png; sourceTree = "<group>"; };
		ED87617B1B9EEADB00C0E7BE /* load_03.png */ = {isa = PBXFileReference; lastKnownFileType = image.png; path = load_03.png; sourceTree = "<group>"; };
		ED87617C1B9EEADB00C0E7BE /* load_04.png */ = {isa = PBXFileReference; lastKnownFileType = image.png; path = load_04.png; sourceTree = "<group>"; };
		ED87617D1B9EEADB00C0E7BE /* load_05.png */ = {isa = PBXFileReference; lastKnownFileType = image.png; path = load_05.png; sourceTree = "<group>"; };
		ED87617E1B9EEADB00C0E7BE /* load_06.png */ = {isa = PBXFileReference; lastKnownFileType = image.png; path = load_06.png; sourceTree = "<group>"; };
		ED8F519E1BB542890066DC35 /* Download-100.png */ = {isa = PBXFileReference; lastKnownFileType = image.png; path = "Download-100.png"; sourceTree = "<group>"; };
		ED9401091B96D467001BCE2D /* Senate News.app */ = {isa = PBXFileReference; explicitFileType = wrapper.application; includeInIndex = 0; path = "Senate News.app"; sourceTree = BUILT_PRODUCTS_DIR; };
		ED94010D1B96D467001BCE2D /* Info.plist */ = {isa = PBXFileReference; lastKnownFileType = text.plist.xml; path = Info.plist; sourceTree = "<group>"; };
		ED94010E1B96D467001BCE2D /* main.m */ = {isa = PBXFileReference; lastKnownFileType = sourcecode.c.objc; path = main.m; sourceTree = "<group>"; };
		ED9401101B96D467001BCE2D /* AppDelegate.h */ = {isa = PBXFileReference; lastKnownFileType = sourcecode.c.h; path = AppDelegate.h; sourceTree = "<group>"; };
		ED9401111B96D467001BCE2D /* AppDelegate.m */ = {isa = PBXFileReference; lastKnownFileType = sourcecode.c.objc; path = AppDelegate.m; sourceTree = "<group>"; };
		ED9401171B96D467001BCE2D /* Base */ = {isa = PBXFileReference; lastKnownFileType = file.storyboard; name = Base; path = Base.lproj/Main.storyboard; sourceTree = "<group>"; };
		ED9401191B96D467001BCE2D /* Images.xcassets */ = {isa = PBXFileReference; lastKnownFileType = folder.assetcatalog; path = Images.xcassets; sourceTree = "<group>"; };
		ED94011C1B96D467001BCE2D /* Base */ = {isa = PBXFileReference; lastKnownFileType = file.xib; name = Base; path = Base.lproj/LaunchScreen.xib; sourceTree = "<group>"; };
		ED9401221B96D467001BCE2D /* Senate NewsTests.xctest */ = {isa = PBXFileReference; explicitFileType = wrapper.cfbundle; includeInIndex = 0; path = "Senate NewsTests.xctest"; sourceTree = BUILT_PRODUCTS_DIR; };
		ED9401271B96D467001BCE2D /* Info.plist */ = {isa = PBXFileReference; lastKnownFileType = text.plist.xml; path = Info.plist; sourceTree = "<group>"; };
		ED9401281B96D467001BCE2D /* Senate_NewsTests.m */ = {isa = PBXFileReference; lastKnownFileType = sourcecode.c.objc; path = Senate_NewsTests.m; sourceTree = "<group>"; };
		ED94013E1B96D4BA001BCE2D /* HomeViewController.h */ = {isa = PBXFileReference; fileEncoding = 4; lastKnownFileType = sourcecode.c.h; path = HomeViewController.h; sourceTree = "<group>"; };
		ED94013F1B96D4BA001BCE2D /* HomeViewController.m */ = {isa = PBXFileReference; fileEncoding = 4; lastKnownFileType = sourcecode.c.objc; path = HomeViewController.m; sourceTree = "<group>"; };
		ED9401411B96D687001BCE2D /* Search Filled-50.png */ = {isa = PBXFileReference; lastKnownFileType = image.png; path = "Search Filled-50.png"; sourceTree = "<group>"; };
		ED9401421B96D687001BCE2D /* Search-50.png */ = {isa = PBXFileReference; lastKnownFileType = image.png; path = "Search-50.png"; sourceTree = "<group>"; };
		ED94FDE01B9834A1006A257E /* none_photo.png */ = {isa = PBXFileReference; lastKnownFileType = image.png; path = none_photo.png; sourceTree = "<group>"; };
		ED94FDE21B9842F7006A257E /* photo_page_icon.png */ = {isa = PBXFileReference; lastKnownFileType = image.png; path = photo_page_icon.png; sourceTree = "<group>"; };
		EDA3BF591B994AA500F8334B /* ShareObject.h */ = {isa = PBXFileReference; fileEncoding = 4; lastKnownFileType = sourcecode.c.h; path = ShareObject.h; sourceTree = "<group>"; };
		EDA3BF5A1B994AA500F8334B /* ShareObject.m */ = {isa = PBXFileReference; fileEncoding = 4; lastKnownFileType = sourcecode.c.objc; path = ShareObject.m; sourceTree = "<group>"; };
		EDA3BF5C1B994C4A00F8334B /* AppUtils.h */ = {isa = PBXFileReference; fileEncoding = 4; lastKnownFileType = sourcecode.c.h; path = AppUtils.h; sourceTree = "<group>"; };
		EDA3BF5D1B994C4A00F8334B /* AppUtils.m */ = {isa = PBXFileReference; fileEncoding = 4; lastKnownFileType = sourcecode.c.objc; path = AppUtils.m; sourceTree = "<group>"; };
		EDA852D61B982DDF009C2B92 /* SWRevealViewController.h */ = {isa = PBXFileReference; fileEncoding = 4; lastKnownFileType = sourcecode.c.h; path = SWRevealViewController.h; sourceTree = "<group>"; };
		EDA852D71B982DDF009C2B92 /* SWRevealViewController.m */ = {isa = PBXFileReference; fileEncoding = 4; lastKnownFileType = sourcecode.c.objc; path = SWRevealViewController.m; sourceTree = "<group>"; };
		EDB9C8E11BBA3D850051249D /* home.png */ = {isa = PBXFileReference; lastKnownFileType = image.png; path = home.png; sourceTree = "<group>"; };
		EDB9C8E31BBA3D9B0051249D /* info.png */ = {isa = PBXFileReference; lastKnownFileType = image.png; path = info.png; sourceTree = "<group>"; };
		EDB9C8E51BBA3DEC0051249D /* news.png */ = {isa = PBXFileReference; lastKnownFileType = image.png; path = news.png; sourceTree = "<group>"; };
		EDBD300D1BA9010F007E89DE /* SearchTableViewController.h */ = {isa = PBXFileReference; fileEncoding = 4; lastKnownFileType = sourcecode.c.h; path = SearchTableViewController.h; sourceTree = "<group>"; };
		EDBD300E1BA9010F007E89DE /* SearchTableViewController.m */ = {isa = PBXFileReference; fileEncoding = 4; lastKnownFileType = sourcecode.c.objc; path = SearchTableViewController.m; sourceTree = "<group>"; };
		EDBD30111BA90176007E89DE /* CustomSearchTableViewCell.h */ = {isa = PBXFileReference; fileEncoding = 4; lastKnownFileType = sourcecode.c.h; path = CustomSearchTableViewCell.h; sourceTree = "<group>"; };
		EDBD30121BA90176007E89DE /* CustomSearchTableViewCell.m */ = {isa = PBXFileReference; fileEncoding = 4; lastKnownFileType = sourcecode.c.objc; path = CustomSearchTableViewCell.m; sourceTree = "<group>"; };
		EDD15FDB1B9D936F00D46393 /* ConnectionManager.h */ = {isa = PBXFileReference; fileEncoding = 4; lastKnownFileType = sourcecode.c.h; path = ConnectionManager.h; sourceTree = "<group>"; };
		EDD15FDC1B9D936F00D46393 /* ConnectionManager.m */ = {isa = PBXFileReference; fileEncoding = 4; lastKnownFileType = sourcecode.c.objc; path = ConnectionManager.m; sourceTree = "<group>"; };
		EDD696111BC25D1E00B0F2B1 /* SDWebImageCompat.h */ = {isa = PBXFileReference; fileEncoding = 4; lastKnownFileType = sourcecode.c.h; path = SDWebImageCompat.h; sourceTree = "<group>"; };
		EDD696121BC25D1E00B0F2B1 /* SDWebImageCompat.m */ = {isa = PBXFileReference; fileEncoding = 4; lastKnownFileType = sourcecode.c.objc; path = SDWebImageCompat.m; sourceTree = "<group>"; };
		EDD696131BC25D1E00B0F2B1 /* SDWebImageOperation.h */ = {isa = PBXFileReference; fileEncoding = 4; lastKnownFileType = sourcecode.c.h; path = SDWebImageOperation.h; sourceTree = "<group>"; };
		EDD696151BC25D2B00B0F2B1 /* SDWebImageDownloader.h */ = {isa = PBXFileReference; fileEncoding = 4; lastKnownFileType = sourcecode.c.h; path = SDWebImageDownloader.h; sourceTree = "<group>"; };
		EDD696161BC25D2B00B0F2B1 /* SDWebImageDownloader.m */ = {isa = PBXFileReference; fileEncoding = 4; lastKnownFileType = sourcecode.c.objc; path = SDWebImageDownloader.m; sourceTree = "<group>"; };
		EDD696171BC25D2B00B0F2B1 /* SDWebImageDownloaderOperation.h */ = {isa = PBXFileReference; fileEncoding = 4; lastKnownFileType = sourcecode.c.h; path = SDWebImageDownloaderOperation.h; sourceTree = "<group>"; };
		EDD696181BC25D2B00B0F2B1 /* SDWebImageDownloaderOperation.m */ = {isa = PBXFileReference; fileEncoding = 4; lastKnownFileType = sourcecode.c.objc; path = SDWebImageDownloaderOperation.m; sourceTree = "<group>"; };
		EDD6961B1BC25D3800B0F2B1 /* SDImageCache.h */ = {isa = PBXFileReference; fileEncoding = 4; lastKnownFileType = sourcecode.c.h; path = SDImageCache.h; sourceTree = "<group>"; };
		EDD6961C1BC25D3800B0F2B1 /* SDImageCache.m */ = {isa = PBXFileReference; fileEncoding = 4; lastKnownFileType = sourcecode.c.objc; path = SDImageCache.m; sourceTree = "<group>"; };
		EDD6961E1BC25D4200B0F2B1 /* SDWebImageManager.h */ = {isa = PBXFileReference; fileEncoding = 4; lastKnownFileType = sourcecode.c.h; path = SDWebImageManager.h; sourceTree = "<group>"; };
		EDD6961F1BC25D4200B0F2B1 /* SDWebImageManager.m */ = {isa = PBXFileReference; fileEncoding = 4; lastKnownFileType = sourcecode.c.objc; path = SDWebImageManager.m; sourceTree = "<group>"; };
		EDD696201BC25D4200B0F2B1 /* SDWebImageDecoder.h */ = {isa = PBXFileReference; fileEncoding = 4; lastKnownFileType = sourcecode.c.h; path = SDWebImageDecoder.h; sourceTree = "<group>"; };
		EDD696211BC25D4200B0F2B1 /* SDWebImageDecoder.m */ = {isa = PBXFileReference; fileEncoding = 4; lastKnownFileType = sourcecode.c.objc; path = SDWebImageDecoder.m; sourceTree = "<group>"; };
		EDD696221BC25D4200B0F2B1 /* SDWebImagePrefetcher.h */ = {isa = PBXFileReference; fileEncoding = 4; lastKnownFileType = sourcecode.c.h; path = SDWebImagePrefetcher.h; sourceTree = "<group>"; };
		EDD696231BC25D4200B0F2B1 /* SDWebImagePrefetcher.m */ = {isa = PBXFileReference; fileEncoding = 4; lastKnownFileType = sourcecode.c.objc; path = SDWebImagePrefetcher.m; sourceTree = "<group>"; };
		EDD696271BC25D4C00B0F2B1 /* MKAnnotationView+WebCache.h */ = {isa = PBXFileReference; fileEncoding = 4; lastKnownFileType = sourcecode.c.h; path = "MKAnnotationView+WebCache.h"; sourceTree = "<group>"; };
		EDD696281BC25D4C00B0F2B1 /* MKAnnotationView+WebCache.m */ = {isa = PBXFileReference; fileEncoding = 4; lastKnownFileType = sourcecode.c.objc; path = "MKAnnotationView+WebCache.m"; sourceTree = "<group>"; };
		EDD696291BC25D4C00B0F2B1 /* NSData+ImageContentType.h */ = {isa = PBXFileReference; fileEncoding = 4; lastKnownFileType = sourcecode.c.h; path = "NSData+ImageContentType.h"; sourceTree = "<group>"; };
		EDD6962A1BC25D4C00B0F2B1 /* NSData+ImageContentType.m */ = {isa = PBXFileReference; fileEncoding = 4; lastKnownFileType = sourcecode.c.objc; path = "NSData+ImageContentType.m"; sourceTree = "<group>"; };
		EDD6962B1BC25D4C00B0F2B1 /* UIButton+WebCache.h */ = {isa = PBXFileReference; fileEncoding = 4; lastKnownFileType = sourcecode.c.h; path = "UIButton+WebCache.h"; sourceTree = "<group>"; };
		EDD6962C1BC25D4C00B0F2B1 /* UIButton+WebCache.m */ = {isa = PBXFileReference; fileEncoding = 4; lastKnownFileType = sourcecode.c.objc; path = "UIButton+WebCache.m"; sourceTree = "<group>"; };
		EDD6962D1BC25D4C00B0F2B1 /* UIImage+GIF.h */ = {isa = PBXFileReference; fileEncoding = 4; lastKnownFileType = sourcecode.c.h; path = "UIImage+GIF.h"; sourceTree = "<group>"; };
		EDD6962E1BC25D4C00B0F2B1 /* UIImage+GIF.m */ = {isa = PBXFileReference; fileEncoding = 4; lastKnownFileType = sourcecode.c.objc; path = "UIImage+GIF.m"; sourceTree = "<group>"; };
		EDD6962F1BC25D4C00B0F2B1 /* UIImage+MultiFormat.h */ = {isa = PBXFileReference; fileEncoding = 4; lastKnownFileType = sourcecode.c.h; path = "UIImage+MultiFormat.h"; sourceTree = "<group>"; };
		EDD696301BC25D4C00B0F2B1 /* UIImage+MultiFormat.m */ = {isa = PBXFileReference; fileEncoding = 4; lastKnownFileType = sourcecode.c.objc; path = "UIImage+MultiFormat.m"; sourceTree = "<group>"; };
		EDD696311BC25D4C00B0F2B1 /* UIImage+WebP.h */ = {isa = PBXFileReference; fileEncoding = 4; lastKnownFileType = sourcecode.c.h; path = "UIImage+WebP.h"; sourceTree = "<group>"; };
		EDD696321BC25D4C00B0F2B1 /* UIImage+WebP.m */ = {isa = PBXFileReference; fileEncoding = 4; lastKnownFileType = sourcecode.c.objc; path = "UIImage+WebP.m"; sourceTree = "<group>"; };
		EDD696331BC25D4C00B0F2B1 /* UIImageView+HighlightedWebCache.h */ = {isa = PBXFileReference; fileEncoding = 4; lastKnownFileType = sourcecode.c.h; path = "UIImageView+HighlightedWebCache.h"; sourceTree = "<group>"; };
		EDD696341BC25D4C00B0F2B1 /* UIImageView+HighlightedWebCache.m */ = {isa = PBXFileReference; fileEncoding = 4; lastKnownFileType = sourcecode.c.objc; path = "UIImageView+HighlightedWebCache.m"; sourceTree = "<group>"; };
		EDD696351BC25D4C00B0F2B1 /* UIImageView+WebCache.h */ = {isa = PBXFileReference; fileEncoding = 4; lastKnownFileType = sourcecode.c.h; path = "UIImageView+WebCache.h"; sourceTree = "<group>"; };
		EDD696361BC25D4C00B0F2B1 /* UIImageView+WebCache.m */ = {isa = PBXFileReference; fileEncoding = 4; lastKnownFileType = sourcecode.c.objc; path = "UIImageView+WebCache.m"; sourceTree = "<group>"; };
		EDD696371BC25D4C00B0F2B1 /* UIView+WebCacheOperation.h */ = {isa = PBXFileReference; fileEncoding = 4; lastKnownFileType = sourcecode.c.h; path = "UIView+WebCacheOperation.h"; sourceTree = "<group>"; };
		EDD696381BC25D4C00B0F2B1 /* UIView+WebCacheOperation.m */ = {isa = PBXFileReference; fileEncoding = 4; lastKnownFileType = sourcecode.c.objc; path = "UIView+WebCacheOperation.m"; sourceTree = "<group>"; };
		EDE27ABD1B9E97EA000AB507 /* MyViewController.h */ = {isa = PBXFileReference; fileEncoding = 4; lastKnownFileType = sourcecode.c.h; path = MyViewController.h; sourceTree = "<group>"; };
		EDE27ABE1B9E97EA000AB507 /* MyViewController.m */ = {isa = PBXFileReference; fileEncoding = 4; lastKnownFileType = sourcecode.c.objc; path = MyViewController.m; sourceTree = "<group>"; };
		EDE27AC11B9ED235000AB507 /* MBProgressHUD.h */ = {isa = PBXFileReference; fileEncoding = 4; lastKnownFileType = sourcecode.c.h; path = MBProgressHUD.h; sourceTree = "<group>"; };
		EDE27AC21B9ED235000AB507 /* MBProgressHUD.m */ = {isa = PBXFileReference; fileEncoding = 4; lastKnownFileType = sourcecode.c.objc; path = MBProgressHUD.m; sourceTree = "<group>"; };
		EDE386A51BAFF958008403A7 /* CategoryViewController.h */ = {isa = PBXFileReference; fileEncoding = 4; lastKnownFileType = sourcecode.c.h; path = CategoryViewController.h; sourceTree = "<group>"; };
		EDE386A61BAFF958008403A7 /* CategoryViewController.m */ = {isa = PBXFileReference; fileEncoding = 4; lastKnownFileType = sourcecode.c.objc; path = CategoryViewController.m; sourceTree = "<group>"; };
		FD2771F51B9877DB005906D4 /* Reachability.h */ = {isa = PBXFileReference; fileEncoding = 4; lastKnownFileType = sourcecode.c.h; path = Reachability.h; sourceTree = "<group>"; };
		FD2771F61B9877DB005906D4 /* Reachability.m */ = {isa = PBXFileReference; fileEncoding = 4; lastKnownFileType = sourcecode.c.objc; path = Reachability.m; sourceTree = "<group>"; };
		FD35EA551BBA312300B3C5C3 /* KhmerOSBattambang-Bold.ttf */ = {isa = PBXFileReference; lastKnownFileType = file; path = "KhmerOSBattambang-Bold.ttf"; sourceTree = "<group>"; };
		FD35EA561BBA312300B3C5C3 /* KhmerOSBattambang-Regular.ttf */ = {isa = PBXFileReference; lastKnownFileType = file; path = "KhmerOSBattambang-Regular.ttf"; sourceTree = "<group>"; };
		FD35EA5B1BBA78E300B3C5C3 /* calendar.png */ = {isa = PBXFileReference; lastKnownFileType = image.png; path = calendar.png; sourceTree = "<group>"; };
		FD3BF0F61BB5477400F7BBE6 /* senate.png */ = {isa = PBXFileReference; lastKnownFileType = image.png; path = senate.png; sourceTree = "<group>"; };
		FD3BF0F91BB5488600F7BBE6 /* AppViewController.h */ = {isa = PBXFileReference; fileEncoding = 4; lastKnownFileType = sourcecode.c.h; path = AppViewController.h; sourceTree = "<group>"; };
		FD3BF0FA1BB5488600F7BBE6 /* AppViewController.m */ = {isa = PBXFileReference; fileEncoding = 4; lastKnownFileType = sourcecode.c.objc; path = AppViewController.m; sourceTree = "<group>"; };
		FD3BF1001BB554ED00F7BBE6 /* Simple-Logo-GITS.png */ = {isa = PBXFileReference; lastKnownFileType = image.png; path = "Simple-Logo-GITS.png"; sourceTree = "<group>"; };
		FD3BF1021BB554F500F7BBE6 /* logo.png */ = {isa = PBXFileReference; lastKnownFileType = image.png; path = logo.png; sourceTree = "<group>"; };
		FD3BF1041BB556D300F7BBE6 /* AboutUsViewController.h */ = {isa = PBXFileReference; fileEncoding = 4; lastKnownFileType = sourcecode.c.h; path = AboutUsViewController.h; sourceTree = "<group>"; };
		FD3BF1051BB556D300F7BBE6 /* AboutUsViewController.m */ = {isa = PBXFileReference; fileEncoding = 4; lastKnownFileType = sourcecode.c.objc; path = AboutUsViewController.m; sourceTree = "<group>"; };
		FD430D261BB28E6F00B3E524 /* ScheduleDetailTableViewController.h */ = {isa = PBXFileReference; fileEncoding = 4; lastKnownFileType = sourcecode.c.h; path = ScheduleDetailTableViewController.h; sourceTree = "<group>"; };
		FD430D271BB28E6F00B3E524 /* ScheduleDetailTableViewController.m */ = {isa = PBXFileReference; fileEncoding = 4; lastKnownFileType = sourcecode.c.objc; path = ScheduleDetailTableViewController.m; sourceTree = "<group>"; };
		FD430D291BB28EBA00B3E524 /* ScheduleDetailTableViewCell.h */ = {isa = PBXFileReference; fileEncoding = 4; lastKnownFileType = sourcecode.c.h; path = ScheduleDetailTableViewCell.h; sourceTree = "<group>"; };
		FD430D2A1BB28EBA00B3E524 /* ScheduleDetailTableViewCell.m */ = {isa = PBXFileReference; fileEncoding = 4; lastKnownFileType = sourcecode.c.objc; path = ScheduleDetailTableViewCell.m; sourceTree = "<group>"; };
		FD5C1EC01BA11C7400C79177 /* Social.framework */ = {isa = PBXFileReference; lastKnownFileType = wrapper.framework; name = Social.framework; path = System/Library/Frameworks/Social.framework; sourceTree = SDKROOT; };
		FD5C1ECA1BA16F7500C79177 /* DXPopover.h */ = {isa = PBXFileReference; fileEncoding = 4; lastKnownFileType = sourcecode.c.h; path = DXPopover.h; sourceTree = "<group>"; };
		FD5C1ECB1BA16F7500C79177 /* DXPopover.m */ = {isa = PBXFileReference; fileEncoding = 4; lastKnownFileType = sourcecode.c.objc; path = DXPopover.m; sourceTree = "<group>"; };
		FD9532711BB0E55B0024D585 /* ScheduleTableViewCell.h */ = {isa = PBXFileReference; fileEncoding = 4; lastKnownFileType = sourcecode.c.h; path = ScheduleTableViewCell.h; sourceTree = "<group>"; };
		FD9532721BB0E55B0024D585 /* ScheduleTableViewCell.m */ = {isa = PBXFileReference; fileEncoding = 4; lastKnownFileType = sourcecode.c.objc; path = ScheduleTableViewCell.m; sourceTree = "<group>"; };
		FDA4BB411BC208EE001918DE /* logo_small.png */ = {isa = PBXFileReference; lastKnownFileType = image.png; path = logo_small.png; sourceTree = "<group>"; };
		FDD00C481BAFA7F900F74057 /* schedule.png */ = {isa = PBXFileReference; lastKnownFileType = image.png; path = schedule.png; sourceTree = "<group>"; };
		FDD00C4C1BAFD0D300F74057 /* ScheduleTableViewController.h */ = {isa = PBXFileReference; fileEncoding = 4; lastKnownFileType = sourcecode.c.h; path = ScheduleTableViewController.h; sourceTree = "<group>"; };
		FDD00C4D1BAFD0D300F74057 /* ScheduleTableViewController.m */ = {isa = PBXFileReference; fileEncoding = 4; lastKnownFileType = sourcecode.c.objc; path = ScheduleTableViewController.m; sourceTree = "<group>"; };
		FDD0A4AC1BA277320046F4CE /* date_icon.png */ = {isa = PBXFileReference; lastKnownFileType = image.png; path = date_icon.png; sourceTree = "<group>"; };
		FDD0A4B21BA286270046F4CE /* author_icon.png */ = {isa = PBXFileReference; lastKnownFileType = image.png; path = author_icon.png; sourceTree = "<group>"; };
		FDD0A4B31BA286270046F4CE /* character_icon.png */ = {isa = PBXFileReference; lastKnownFileType = image.png; path = character_icon.png; sourceTree = "<group>"; };
		FDD0A4B41BA286270046F4CE /* id_icon.png */ = {isa = PBXFileReference; lastKnownFileType = image.png; path = id_icon.png; sourceTree = "<group>"; };
/* End PBXFileReference section */

/* Begin PBXFrameworksBuildPhase section */
		ED9401061B96D467001BCE2D /* Frameworks */ = {
			isa = PBXFrameworksBuildPhase;
			buildActionMask = 2147483647;
			files = (
				FD5C1EC11BA11C7400C79177 /* Social.framework in Frameworks */,
			);
			runOnlyForDeploymentPostprocessing = 0;
		};
		ED94011F1B96D467001BCE2D /* Frameworks */ = {
			isa = PBXFrameworksBuildPhase;
			buildActionMask = 2147483647;
			files = (
			);
			runOnlyForDeploymentPostprocessing = 0;
		};
/* End PBXFrameworksBuildPhase section */

/* Begin PBXGroup section */
		ED0683501BB2ADB300F70DE6 /* Search */ = {
			isa = PBXGroup;
			children = (
				ED0683511BB2ADC700F70DE6 /* ScheduleSearchViewController.h */,
				ED0683521BB2ADC700F70DE6 /* ScheduleSearchViewController.m */,
			);
			name = Search;
			sourceTree = "<group>";
		};
		ED36189A1B96E5CB0095E48A /* MainScreen */ = {
			isa = PBXGroup;
			children = (
				ED94013E1B96D4BA001BCE2D /* HomeViewController.h */,
				ED94013F1B96D4BA001BCE2D /* HomeViewController.m */,
				ED3618A51B96FB8F0095E48A /* CustomTableViewCell.h */,
				ED3618A61B96FB8F0095E48A /* CustomTableViewCell.m */,
			);
			name = MainScreen;
			sourceTree = "<group>";
		};
		ED36189B1B96E5DC0095E48A /* Side Menu */ = {
			isa = PBXGroup;
			children = (
				ED36189C1B96E6050095E48A /* SideMenuTableViewController.h */,
				ED36189D1B96E6050095E48A /* SideMenuTableViewController.m */,
			);
			name = "Side Menu";
			sourceTree = "<group>";
		};
		ED6B08CA1B97ECE5009068E9 /* Detail Controller */ = {
			isa = PBXGroup;
			children = (
				EDE386A41BAFF94B008403A7 /* category */,
				EDBD30101BA90141007E89DE /* Search */,
				ED6B08CB1B97ED0E009068E9 /* DetailViewController.h */,
				ED6B08CC1B97ED0E009068E9 /* DetailViewController.m */,
				ED6B08E61B9809E1009068E9 /* CustomDetailTableViewCell.h */,
				ED6B08E71B9809E1009068E9 /* CustomDetailTableViewCell.m */,
				ED367CEF1BA2DE1200481BE7 /* ShowImageViewController.h */,
				ED367CF01BA2DE1200481BE7 /* ShowImageViewController.m */,
			);
			name = "Detail Controller";
			sourceTree = "<group>";
		};
		ED9401001B96D466001BCE2D = {
			isa = PBXGroup;
			children = (
				FD5C1EC01BA11C7400C79177 /* Social.framework */,
				ED94010B1B96D467001BCE2D /* Senate News */,
				ED9401251B96D467001BCE2D /* Senate NewsTests */,
				ED94010A1B96D467001BCE2D /* Products */,
			);
			sourceTree = "<group>";
		};
		ED94010A1B96D467001BCE2D /* Products */ = {
			isa = PBXGroup;
			children = (
				ED9401091B96D467001BCE2D /* Senate News.app */,
				ED9401221B96D467001BCE2D /* Senate NewsTests.xctest */,
			);
			name = Products;
			sourceTree = "<group>";
		};
		ED94010B1B96D467001BCE2D /* Senate News */ = {
			isa = PBXGroup;
			children = (
				ED9401101B96D467001BCE2D /* AppDelegate.h */,
				ED9401111B96D467001BCE2D /* AppDelegate.m */,
				FD3BF0F81BB5486900F7BBE6 /* Setting */,
				FD9532701BB0E5300024D585 /* Schedule */,
				FD5C1EC91BA16F7500C79177 /* Popup */,
				FD2771F41B9877B5005906D4 /* Connection */,
				ED36189B1B96E5DC0095E48A /* Side Menu */,
				ED36189A1B96E5CB0095E48A /* MainScreen */,
				ED6B08CA1B97ECE5009068E9 /* Detail Controller */,
				EDA3BF581B994A8E00F8334B /* common */,
				ED9401161B96D467001BCE2D /* Main.storyboard */,
				ED9401191B96D467001BCE2D /* Images.xcassets */,
				ED94011B1B96D467001BCE2D /* LaunchScreen.xib */,
				EDE27ABD1B9E97EA000AB507 /* MyViewController.h */,
				EDE27ABE1B9E97EA000AB507 /* MyViewController.m */,
				ED94010C1B96D467001BCE2D /* Supporting Files */,
			);
			path = "Senate News";
			sourceTree = "<group>";
		};
		ED94010C1B96D467001BCE2D /* Supporting Files */ = {
			isa = PBXGroup;
			children = (
				ED9401391B96D486001BCE2D /* outsources */,
				ED9401321B96D471001BCE2D /* images */,
				ED6B08E31B9803ED009068E9 /* Senate News-Bridging-Header.h */,
				ED94010D1B96D467001BCE2D /* Info.plist */,
				ED94010E1B96D467001BCE2D /* main.m */,
			);
			name = "Supporting Files";
			sourceTree = "<group>";
		};
		ED9401251B96D467001BCE2D /* Senate NewsTests */ = {
			isa = PBXGroup;
			children = (
				ED9401281B96D467001BCE2D /* Senate_NewsTests.m */,
				ED9401261B96D467001BCE2D /* Supporting Files */,
			);
			path = "Senate NewsTests";
			sourceTree = "<group>";
		};
		ED9401261B96D467001BCE2D /* Supporting Files */ = {
			isa = PBXGroup;
			children = (
				ED9401271B96D467001BCE2D /* Info.plist */,
			);
			name = "Supporting Files";
			sourceTree = "<group>";
		};
		ED9401321B96D471001BCE2D /* images */ = {
			isa = PBXGroup;
			children = (
				ED81C3CA1BC4C84600A4FBE4 /* 640 x 960.png */,
				ED81C3CB1BC4C84600A4FBE4 /* 640 x 1136.png */,
				ED81C3CC1BC4C84600A4FBE4 /* 750 x 1334.png */,
				ED81C3CD1BC4C84600A4FBE4 /* 1242 x 2208.png */,
				ED81C3D21BC4CB0700A4FBE4 /* ipad1.png */,
				ED81C3D31BC4CB0700A4FBE4 /* ipad2.png */,
				FDA4BB411BC208EE001918DE /* logo_small.png */,
				FD35EA5B1BBA78E300B3C5C3 /* calendar.png */,
				FD35EA551BBA312300B3C5C3 /* KhmerOSBattambang-Bold.ttf */,
				FD35EA561BBA312300B3C5C3 /* KhmerOSBattambang-Regular.ttf */,
				EDB9C8E51BBA3DEC0051249D /* news.png */,
				EDB9C8E31BBA3D9B0051249D /* info.png */,
				EDB9C8E11BBA3D850051249D /* home.png */,
				ED566F611BB8FB7100468F89 /* topic.png */,
				ED566F621BB8FB7100468F89 /* clock.png */,
				ED566F631BB8FB7100468F89 /* description.png */,
				ED566F641BB8FB7100468F89 /* links12.png */,
				ED566F651BB8FB7100468F89 /* type.png */,
				ED566F661BB8FB7100468F89 /* location.png */,
				FD3BF1021BB554F500F7BBE6 /* logo.png */,
				FD3BF1001BB554ED00F7BBE6 /* Simple-Logo-GITS.png */,
				FD3BF0F61BB5477400F7BBE6 /* senate.png */,
				ED8F519E1BB542890066DC35 /* Download-100.png */,
				FDD00C481BAFA7F900F74057 /* schedule.png */,
				ED367CF21BA2E18E00481BE7 /* close.png */,
				ED367CE91BA2D4CA00481BE7 /* menu_b_p.png */,
				ED367CE61BA2D47900481BE7 /* munu_b.png */,
				FDD0A4AC1BA277320046F4CE /* date_icon.png */,
				ED94FDE21B9842F7006A257E /* photo_page_icon.png */,
				FDD0A4B21BA286270046F4CE /* author_icon.png */,
				FDD0A4B31BA286270046F4CE /* character_icon.png */,
				ED94FDE01B9834A1006A257E /* none_photo.png */,
				ED367CEB1BA2D57900481BE7 /* menu.png */,
				ED6B08D61B97FAD9009068E9 /* facebook.png */,
				FDD0A4B41BA286270046F4CE /* id_icon.png */,
				ED367CE31BA2D2F500481BE7 /* Back-100.png */,
				ED9401411B96D687001BCE2D /* Search Filled-50.png */,
				ED9401421B96D687001BCE2D /* Search-50.png */,
			);
			name = images;
			sourceTree = "<group>";
		};
		ED9401391B96D486001BCE2D /* outsources */ = {
			isa = PBXGroup;
			children = (
				ED8761761B9EE8EB00C0E7BE /* GITSRefreshAndLoadMore.h */,
				ED8761771B9EE8EB00C0E7BE /* GITSRefreshAndLoadMore.m */,
				EDE27AC11B9ED235000AB507 /* MBProgressHUD.h */,
				EDE27AC21B9ED235000AB507 /* MBProgressHUD.m */,
				EDE27AC01B9ED116000AB507 /* Refresh */,
				ED94FDAE1B9831BE006A257E /* SDWebImage */,
				ED94013D1B96D494001BCE2D /* SlideMenu */,
			);
			name = outsources;
			sourceTree = "<group>";
		};
		ED94013D1B96D494001BCE2D /* SlideMenu */ = {
			isa = PBXGroup;
			children = (
				EDA852D61B982DDF009C2B92 /* SWRevealViewController.h */,
				EDA852D71B982DDF009C2B92 /* SWRevealViewController.m */,
			);
			name = SlideMenu;
			sourceTree = "<group>";
		};
		ED94FDAE1B9831BE006A257E /* SDWebImage */ = {
			isa = PBXGroup;
			children = (
				EDD696111BC25D1E00B0F2B1 /* SDWebImageCompat.h */,
				EDD696121BC25D1E00B0F2B1 /* SDWebImageCompat.m */,
				EDD696131BC25D1E00B0F2B1 /* SDWebImageOperation.h */,
				EDD696151BC25D2B00B0F2B1 /* SDWebImageDownloader.h */,
				EDD696161BC25D2B00B0F2B1 /* SDWebImageDownloader.m */,
				EDD696171BC25D2B00B0F2B1 /* SDWebImageDownloaderOperation.h */,
				EDD696181BC25D2B00B0F2B1 /* SDWebImageDownloaderOperation.m */,
				EDD6961B1BC25D3800B0F2B1 /* SDImageCache.h */,
				EDD6961C1BC25D3800B0F2B1 /* SDImageCache.m */,
				EDD6961E1BC25D4200B0F2B1 /* SDWebImageManager.h */,
				EDD6961F1BC25D4200B0F2B1 /* SDWebImageManager.m */,
				EDD696201BC25D4200B0F2B1 /* SDWebImageDecoder.h */,
				EDD696211BC25D4200B0F2B1 /* SDWebImageDecoder.m */,
				EDD696221BC25D4200B0F2B1 /* SDWebImagePrefetcher.h */,
				EDD696231BC25D4200B0F2B1 /* SDWebImagePrefetcher.m */,
				EDD696271BC25D4C00B0F2B1 /* MKAnnotationView+WebCache.h */,
				EDD696281BC25D4C00B0F2B1 /* MKAnnotationView+WebCache.m */,
				EDD696291BC25D4C00B0F2B1 /* NSData+ImageContentType.h */,
				EDD6962A1BC25D4C00B0F2B1 /* NSData+ImageContentType.m */,
				EDD6962B1BC25D4C00B0F2B1 /* UIButton+WebCache.h */,
				EDD6962C1BC25D4C00B0F2B1 /* UIButton+WebCache.m */,
				EDD6962D1BC25D4C00B0F2B1 /* UIImage+GIF.h */,
				EDD6962E1BC25D4C00B0F2B1 /* UIImage+GIF.m */,
				EDD6962F1BC25D4C00B0F2B1 /* UIImage+MultiFormat.h */,
				EDD696301BC25D4C00B0F2B1 /* UIImage+MultiFormat.m */,
				EDD696311BC25D4C00B0F2B1 /* UIImage+WebP.h */,
				EDD696321BC25D4C00B0F2B1 /* UIImage+WebP.m */,
				EDD696331BC25D4C00B0F2B1 /* UIImageView+HighlightedWebCache.h */,
				EDD696341BC25D4C00B0F2B1 /* UIImageView+HighlightedWebCache.m */,
				EDD696351BC25D4C00B0F2B1 /* UIImageView+WebCache.h */,
				EDD696361BC25D4C00B0F2B1 /* UIImageView+WebCache.m */,
				EDD696371BC25D4C00B0F2B1 /* UIView+WebCacheOperation.h */,
				EDD696381BC25D4C00B0F2B1 /* UIView+WebCacheOperation.m */,
			);
			name = SDWebImage;
			sourceTree = "<group>";
		};
		EDA3BF581B994A8E00F8334B /* common */ = {
			isa = PBXGroup;
			children = (
				EDA3BF591B994AA500F8334B /* ShareObject.h */,
				EDA3BF5A1B994AA500F8334B /* ShareObject.m */,
				EDA3BF5C1B994C4A00F8334B /* AppUtils.h */,
				EDA3BF5D1B994C4A00F8334B /* AppUtils.m */,
			);
			name = common;
			sourceTree = "<group>";
		};
		EDBD30101BA90141007E89DE /* Search */ = {
			isa = PBXGroup;
			children = (
				EDBD300D1BA9010F007E89DE /* SearchTableViewController.h */,
				EDBD300E1BA9010F007E89DE /* SearchTableViewController.m */,
				EDBD30111BA90176007E89DE /* CustomSearchTableViewCell.h */,
				EDBD30121BA90176007E89DE /* CustomSearchTableViewCell.m */,
			);
			name = Search;
			sourceTree = "<group>";
		};
		EDE27AC01B9ED116000AB507 /* Refresh */ = {
			isa = PBXGroup;
			children = (
				ED8761791B9EEADB00C0E7BE /* load_01.png */,
				ED87617A1B9EEADB00C0E7BE /* load_02.png */,
				ED87617B1B9EEADB00C0E7BE /* load_03.png */,
				ED87617C1B9EEADB00C0E7BE /* load_04.png */,
				ED87617D1B9EEADB00C0E7BE /* load_05.png */,
				ED87617E1B9EEADB00C0E7BE /* load_06.png */,
			);
			name = Refresh;
			sourceTree = "<group>";
		};
		EDE386A41BAFF94B008403A7 /* category */ = {
			isa = PBXGroup;
			children = (
				EDE386A51BAFF958008403A7 /* CategoryViewController.h */,
				EDE386A61BAFF958008403A7 /* CategoryViewController.m */,
			);
			name = category;
			sourceTree = "<group>";
		};
		FD2771F41B9877B5005906D4 /* Connection */ = {
			isa = PBXGroup;
			children = (
				FD2771F51B9877DB005906D4 /* Reachability.h */,
				FD2771F61B9877DB005906D4 /* Reachability.m */,
				EDD15FDB1B9D936F00D46393 /* ConnectionManager.h */,
				EDD15FDC1B9D936F00D46393 /* ConnectionManager.m */,
			);
			name = Connection;
			sourceTree = "<group>";
		};
		FD3BF0F81BB5486900F7BBE6 /* Setting */ = {
			isa = PBXGroup;
			children = (
				FD3BF0F91BB5488600F7BBE6 /* AppViewController.h */,
				FD3BF0FA1BB5488600F7BBE6 /* AppViewController.m */,
				FD3BF1041BB556D300F7BBE6 /* AboutUsViewController.h */,
				FD3BF1051BB556D300F7BBE6 /* AboutUsViewController.m */,
			);
			name = Setting;
			sourceTree = "<group>";
		};
		FD430D221BB28DE400B3E524 /* Detail */ = {
			isa = PBXGroup;
			children = (
				FD430D261BB28E6F00B3E524 /* ScheduleDetailTableViewController.h */,
				FD430D271BB28E6F00B3E524 /* ScheduleDetailTableViewController.m */,
				FD430D291BB28EBA00B3E524 /* ScheduleDetailTableViewCell.h */,
				FD430D2A1BB28EBA00B3E524 /* ScheduleDetailTableViewCell.m */,
			);
			name = Detail;
			sourceTree = "<group>";
		};
		FD5C1EC91BA16F7500C79177 /* Popup */ = {
			isa = PBXGroup;
			children = (
				FD5C1ECA1BA16F7500C79177 /* DXPopover.h */,
				FD5C1ECB1BA16F7500C79177 /* DXPopover.m */,
			);
			name = Popup;
			path = ../popup;
			sourceTree = "<group>";
		};
		FD9532701BB0E5300024D585 /* Schedule */ = {
			isa = PBXGroup;
			children = (
				ED0683501BB2ADB300F70DE6 /* Search */,
				FD430D221BB28DE400B3E524 /* Detail */,
				FDD00C4C1BAFD0D300F74057 /* ScheduleTableViewController.h */,
				FDD00C4D1BAFD0D300F74057 /* ScheduleTableViewController.m */,
				FD9532711BB0E55B0024D585 /* ScheduleTableViewCell.h */,
				FD9532721BB0E55B0024D585 /* ScheduleTableViewCell.m */,
			);
			name = Schedule;
			sourceTree = "<group>";
		};
/* End PBXGroup section */

/* Begin PBXNativeTarget section */
		ED9401081B96D467001BCE2D /* Senate News */ = {
			isa = PBXNativeTarget;
			buildConfigurationList = ED94012C1B96D467001BCE2D /* Build configuration list for PBXNativeTarget "Senate News" */;
			buildPhases = (
				ED9401051B96D467001BCE2D /* Sources */,
				ED9401061B96D467001BCE2D /* Frameworks */,
				ED9401071B96D467001BCE2D /* Resources */,
			);
			buildRules = (
			);
			dependencies = (
			);
			name = "Senate News";
			productName = "Senate News";
			productReference = ED9401091B96D467001BCE2D /* Senate News.app */;
			productType = "com.apple.product-type.application";
		};
		ED9401211B96D467001BCE2D /* Senate NewsTests */ = {
			isa = PBXNativeTarget;
			buildConfigurationList = ED94012F1B96D467001BCE2D /* Build configuration list for PBXNativeTarget "Senate NewsTests" */;
			buildPhases = (
				ED94011E1B96D467001BCE2D /* Sources */,
				ED94011F1B96D467001BCE2D /* Frameworks */,
				ED9401201B96D467001BCE2D /* Resources */,
			);
			buildRules = (
			);
			dependencies = (
				ED9401241B96D467001BCE2D /* PBXTargetDependency */,
			);
			name = "Senate NewsTests";
			productName = "Senate NewsTests";
			productReference = ED9401221B96D467001BCE2D /* Senate NewsTests.xctest */;
			productType = "com.apple.product-type.bundle.unit-test";
		};
/* End PBXNativeTarget section */

/* Begin PBXProject section */
		ED9401011B96D466001BCE2D /* Project object */ = {
			isa = PBXProject;
			attributes = {
				LastUpgradeCheck = 0700;
				ORGANIZATIONNAME = GITS;
				TargetAttributes = {
					ED9401081B96D467001BCE2D = {
						CreatedOnToolsVersion = 6.3.1;
						DevelopmentTeam = 8WB65T4HC4;
						SystemCapabilities = {
							com.apple.BackgroundModes = {
								enabled = 1;
							};
						};
					};
					ED9401211B96D467001BCE2D = {
						CreatedOnToolsVersion = 6.3.1;
						DevelopmentTeam = 8WB65T4HC4;
						TestTargetID = ED9401081B96D467001BCE2D;
					};
				};
			};
			buildConfigurationList = ED9401041B96D466001BCE2D /* Build configuration list for PBXProject "Senate News" */;
			compatibilityVersion = "Xcode 3.2";
			developmentRegion = English;
			hasScannedForEncodings = 0;
			knownRegions = (
				en,
				Base,
			);
			mainGroup = ED9401001B96D466001BCE2D;
			productRefGroup = ED94010A1B96D467001BCE2D /* Products */;
			projectDirPath = "";
			projectRoot = "";
			targets = (
				ED9401081B96D467001BCE2D /* Senate News */,
				ED9401211B96D467001BCE2D /* Senate NewsTests */,
			);
		};
/* End PBXProject section */

/* Begin PBXResourcesBuildPhase section */
		ED9401071B96D467001BCE2D /* Resources */ = {
			isa = PBXResourcesBuildPhase;
			buildActionMask = 2147483647;
			files = (
				EDB9C8E21BBA3D850051249D /* home.png in Resources */,
				ED9401441B96D687001BCE2D /* Search-50.png in Resources */,
				ED566F6B1BB8FB7100468F89 /* links12.png in Resources */,
				FDD00C4B1BAFA7F900F74057 /* schedule.png in Resources */,
				FD3BF1011BB554ED00F7BBE6 /* Simple-Logo-GITS.png in Resources */,
				ED566F6A1BB8FB7100468F89 /* description.png in Resources */,
				FDA4BB421BC208EE001918DE /* logo_small.png in Resources */,
				ED8761831B9EEADB00C0E7BE /* load_05.png in Resources */,
				ED8761801B9EEADB00C0E7BE /* load_02.png in Resources */,
				ED81C3D01BC4C84600A4FBE4 /* 750 x 1334.png in Resources */,
				FDD0A4B51BA286270046F4CE /* author_icon.png in Resources */,
				EDB9C8E61BBA3DEC0051249D /* news.png in Resources */,
				ED9401181B96D467001BCE2D /* Main.storyboard in Resources */,
				ED81C3D41BC4CB0700A4FBE4 /* ipad1.png in Resources */,
				ED8761821B9EEADB00C0E7BE /* load_04.png in Resources */,
				ED94FDE31B9842F7006A257E /* photo_page_icon.png in Resources */,
				FD3BF1031BB554F500F7BBE6 /* logo.png in Resources */,
				FD3BF0F71BB5477400F7BBE6 /* senate.png in Resources */,
				ED566F691BB8FB7100468F89 /* clock.png in Resources */,
				ED8761841B9EEADB00C0E7BE /* load_06.png in Resources */,
				FDD0A4B71BA286270046F4CE /* id_icon.png in Resources */,
				ED94011D1B96D467001BCE2D /* LaunchScreen.xib in Resources */,
				FD35EA5C1BBA78E300B3C5C3 /* calendar.png in Resources */,
				ED81C3CF1BC4C84600A4FBE4 /* 640 x 1136.png in Resources */,
				FDD0A4AF1BA277320046F4CE /* date_icon.png in Resources */,
				ED566F681BB8FB7100468F89 /* topic.png in Resources */,
				FDD0A4B61BA286270046F4CE /* character_icon.png in Resources */,
				ED8761811B9EEADB00C0E7BE /* load_03.png in Resources */,
				ED367CEA1BA2D4CA00481BE7 /* menu_b_p.png in Resources */,
				ED367CEC1BA2D57900481BE7 /* menu.png in Resources */,
				ED367CF31BA2E18E00481BE7 /* close.png in Resources */,
				ED367CE41BA2D2F500481BE7 /* Back-100.png in Resources */,
				ED566F6D1BB8FB7100468F89 /* location.png in Resources */,
				EDB9C8E41BBA3D9B0051249D /* info.png in Resources */,
				ED9401431B96D687001BCE2D /* Search Filled-50.png in Resources */,
				ED367CE81BA2D47900481BE7 /* munu_b.png in Resources */,
				ED566F6C1BB8FB7100468F89 /* type.png in Resources */,
				ED8F519F1BB542890066DC35 /* Download-100.png in Resources */,
				ED94011A1B96D467001BCE2D /* Images.xcassets in Resources */,
				ED6B08D71B97FAD9009068E9 /* facebook.png in Resources */,
				ED81C3CE1BC4C84600A4FBE4 /* 640 x 960.png in Resources */,
				FD35EA571BBA312300B3C5C3 /* KhmerOSBattambang-Bold.ttf in Resources */,
				ED87617F1B9EEADB00C0E7BE /* load_01.png in Resources */,
				ED81C3D51BC4CB0700A4FBE4 /* ipad2.png in Resources */,
				ED81C3D11BC4C84600A4FBE4 /* 1242 x 2208.png in Resources */,
				FD35EA581BBA312300B3C5C3 /* KhmerOSBattambang-Regular.ttf in Resources */,
				ED94FDE11B9834A1006A257E /* none_photo.png in Resources */,
			);
			runOnlyForDeploymentPostprocessing = 0;
		};
		ED9401201B96D467001BCE2D /* Resources */ = {
			isa = PBXResourcesBuildPhase;
			buildActionMask = 2147483647;
			files = (
			);
			runOnlyForDeploymentPostprocessing = 0;
		};
/* End PBXResourcesBuildPhase section */

/* Begin PBXSourcesBuildPhase section */
		ED9401051B96D467001BCE2D /* Sources */ = {
			isa = PBXSourcesBuildPhase;
			buildActionMask = 2147483647;
			files = (
				EDD696411BC25D4C00B0F2B1 /* UIView+WebCacheOperation.m in Sources */,
				FD3BF1061BB556D300F7BBE6 /* AboutUsViewController.m in Sources */,
				EDD696241BC25D4200B0F2B1 /* SDWebImageManager.m in Sources */,
				EDA3BF5B1B994AA500F8334B /* ShareObject.m in Sources */,
				FD430D2B1BB28EBA00B3E524 /* ScheduleDetailTableViewCell.m in Sources */,
				FD3BF0FB1BB5488600F7BBE6 /* AppViewController.m in Sources */,
				EDE27ABF1B9E97EA000AB507 /* MyViewController.m in Sources */,
				EDD696141BC25D1E00B0F2B1 /* SDWebImageCompat.m in Sources */,
				EDD696261BC25D4200B0F2B1 /* SDWebImagePrefetcher.m in Sources */,
				EDD6961A1BC25D2B00B0F2B1 /* SDWebImageDownloaderOperation.m in Sources */,
				EDD6961D1BC25D3800B0F2B1 /* SDImageCache.m in Sources */,
				ED9401121B96D467001BCE2D /* AppDelegate.m in Sources */,
				FDD00C4E1BAFD0D300F74057 /* ScheduleTableViewController.m in Sources */,
				ED94010F1B96D467001BCE2D /* main.m in Sources */,
				EDD6963D1BC25D4C00B0F2B1 /* UIImage+MultiFormat.m in Sources */,
				ED6B08E81B9809E1009068E9 /* CustomDetailTableViewCell.m in Sources */,
				EDBD300F1BA9010F007E89DE /* SearchTableViewController.m in Sources */,
				EDD6963B1BC25D4C00B0F2B1 /* UIButton+WebCache.m in Sources */,
				EDD6963C1BC25D4C00B0F2B1 /* UIImage+GIF.m in Sources */,
				ED367CF11BA2DE1200481BE7 /* ShowImageViewController.m in Sources */,
				EDE386A71BAFF958008403A7 /* CategoryViewController.m in Sources */,
				EDD696251BC25D4200B0F2B1 /* SDWebImageDecoder.m in Sources */,
				EDD696391BC25D4C00B0F2B1 /* MKAnnotationView+WebCache.m in Sources */,
				EDBD30131BA90176007E89DE /* CustomSearchTableViewCell.m in Sources */,
				EDE27AC31B9ED235000AB507 /* MBProgressHUD.m in Sources */,
				FD5C1ECC1BA16F7500C79177 /* DXPopover.m in Sources */,
				EDD6963A1BC25D4C00B0F2B1 /* NSData+ImageContentType.m in Sources */,
				ED3618A71B96FB8F0095E48A /* CustomTableViewCell.m in Sources */,
				EDD6963E1BC25D4C00B0F2B1 /* UIImage+WebP.m in Sources */,
				EDA3BF5E1B994C4A00F8334B /* AppUtils.m in Sources */,
				ED8761781B9EE8EB00C0E7BE /* GITSRefreshAndLoadMore.m in Sources */,
				EDA852D81B982DDF009C2B92 /* SWRevealViewController.m in Sources */,
				ED9401401B96D4BA001BCE2D /* HomeViewController.m in Sources */,
				EDD696401BC25D4C00B0F2B1 /* UIImageView+WebCache.m in Sources */,
				EDD696191BC25D2B00B0F2B1 /* SDWebImageDownloader.m in Sources */,
				ED36189E1B96E6050095E48A /* SideMenuTableViewController.m in Sources */,
				FD430D281BB28E6F00B3E524 /* ScheduleDetailTableViewController.m in Sources */,
				ED6B08CD1B97ED0E009068E9 /* DetailViewController.m in Sources */,
				ED0683531BB2ADC700F70DE6 /* ScheduleSearchViewController.m in Sources */,
				FD9532731BB0E55B0024D585 /* ScheduleTableViewCell.m in Sources */,
				EDD6963F1BC25D4C00B0F2B1 /* UIImageView+HighlightedWebCache.m in Sources */,
				EDD15FDD1B9D936F00D46393 /* ConnectionManager.m in Sources */,
				FD2771F71B9877DB005906D4 /* Reachability.m in Sources */,
			);
			runOnlyForDeploymentPostprocessing = 0;
		};
		ED94011E1B96D467001BCE2D /* Sources */ = {
			isa = PBXSourcesBuildPhase;
			buildActionMask = 2147483647;
			files = (
				ED9401291B96D467001BCE2D /* Senate_NewsTests.m in Sources */,
			);
			runOnlyForDeploymentPostprocessing = 0;
		};
/* End PBXSourcesBuildPhase section */

/* Begin PBXTargetDependency section */
		ED9401241B96D467001BCE2D /* PBXTargetDependency */ = {
			isa = PBXTargetDependency;
			target = ED9401081B96D467001BCE2D /* Senate News */;
			targetProxy = ED9401231B96D467001BCE2D /* PBXContainerItemProxy */;
		};
/* End PBXTargetDependency section */

/* Begin PBXVariantGroup section */
		ED9401161B96D467001BCE2D /* Main.storyboard */ = {
			isa = PBXVariantGroup;
			children = (
				ED9401171B96D467001BCE2D /* Base */,
			);
			name = Main.storyboard;
			sourceTree = "<group>";
		};
		ED94011B1B96D467001BCE2D /* LaunchScreen.xib */ = {
			isa = PBXVariantGroup;
			children = (
				ED94011C1B96D467001BCE2D /* Base */,
			);
			name = LaunchScreen.xib;
			sourceTree = "<group>";
		};
/* End PBXVariantGroup section */

/* Begin XCBuildConfiguration section */
		ED94012A1B96D467001BCE2D /* Debug */ = {
			isa = XCBuildConfiguration;
			buildSettings = {
				ALWAYS_SEARCH_USER_PATHS = NO;
				CLANG_CXX_LANGUAGE_STANDARD = "gnu++0x";
				CLANG_CXX_LIBRARY = "libc++";
				CLANG_ENABLE_MODULES = YES;
				CLANG_ENABLE_OBJC_ARC = YES;
				CLANG_WARN_BOOL_CONVERSION = YES;
				CLANG_WARN_CONSTANT_CONVERSION = YES;
				CLANG_WARN_DIRECT_OBJC_ISA_USAGE = YES_ERROR;
				CLANG_WARN_EMPTY_BODY = YES;
				CLANG_WARN_ENUM_CONVERSION = YES;
				CLANG_WARN_INT_CONVERSION = YES;
				CLANG_WARN_OBJC_ROOT_CLASS = YES_ERROR;
				CLANG_WARN_UNREACHABLE_CODE = YES;
				CLANG_WARN__DUPLICATE_METHOD_MATCH = YES;
				CODE_SIGN_IDENTITY = "";
				"CODE_SIGN_IDENTITY[sdk=iphoneos*]" = "";
				COPY_PHASE_STRIP = NO;
				DEBUG_INFORMATION_FORMAT = "dwarf-with-dsym";
				ENABLE_STRICT_OBJC_MSGSEND = YES;
				ENABLE_TESTABILITY = YES;
				GCC_C_LANGUAGE_STANDARD = gnu99;
				GCC_DYNAMIC_NO_PIC = NO;
				GCC_NO_COMMON_BLOCKS = YES;
				GCC_OPTIMIZATION_LEVEL = 0;
				GCC_PREPROCESSOR_DEFINITIONS = (
					"DEBUG=1",
					"$(inherited)",
				);
				GCC_SYMBOLS_PRIVATE_EXTERN = NO;
				GCC_WARN_64_TO_32_BIT_CONVERSION = YES;
				GCC_WARN_ABOUT_RETURN_TYPE = YES_ERROR;
				GCC_WARN_UNDECLARED_SELECTOR = YES;
				GCC_WARN_UNINITIALIZED_AUTOS = YES_AGGRESSIVE;
				GCC_WARN_UNUSED_FUNCTION = YES;
				GCC_WARN_UNUSED_VARIABLE = YES;
				IPHONEOS_DEPLOYMENT_TARGET = 7.0;
				MTL_ENABLE_DEBUG_INFO = YES;
				ONLY_ACTIVE_ARCH = YES;
				PROVISIONING_PROFILE = "ffa16f0c-8677-4850-aea6-516f36d6d8fa";
				SDKROOT = iphoneos;
			};
			name = Debug;
		};
		ED94012B1B96D467001BCE2D /* Release */ = {
			isa = XCBuildConfiguration;
			buildSettings = {
				ALWAYS_SEARCH_USER_PATHS = NO;
				CLANG_CXX_LANGUAGE_STANDARD = "gnu++0x";
				CLANG_CXX_LIBRARY = "libc++";
				CLANG_ENABLE_MODULES = YES;
				CLANG_ENABLE_OBJC_ARC = YES;
				CLANG_WARN_BOOL_CONVERSION = YES;
				CLANG_WARN_CONSTANT_CONVERSION = YES;
				CLANG_WARN_DIRECT_OBJC_ISA_USAGE = YES_ERROR;
				CLANG_WARN_EMPTY_BODY = YES;
				CLANG_WARN_ENUM_CONVERSION = YES;
				CLANG_WARN_INT_CONVERSION = YES;
				CLANG_WARN_OBJC_ROOT_CLASS = YES_ERROR;
				CLANG_WARN_UNREACHABLE_CODE = YES;
				CLANG_WARN__DUPLICATE_METHOD_MATCH = YES;
				CODE_SIGN_IDENTITY = "";
				"CODE_SIGN_IDENTITY[sdk=iphoneos*]" = "";
				COPY_PHASE_STRIP = NO;
				DEBUG_INFORMATION_FORMAT = "dwarf-with-dsym";
				ENABLE_NS_ASSERTIONS = NO;
				ENABLE_STRICT_OBJC_MSGSEND = YES;
				GCC_C_LANGUAGE_STANDARD = gnu99;
				GCC_NO_COMMON_BLOCKS = YES;
				GCC_WARN_64_TO_32_BIT_CONVERSION = YES;
				GCC_WARN_ABOUT_RETURN_TYPE = YES_ERROR;
				GCC_WARN_UNDECLARED_SELECTOR = YES;
				GCC_WARN_UNINITIALIZED_AUTOS = YES_AGGRESSIVE;
				GCC_WARN_UNUSED_FUNCTION = YES;
				GCC_WARN_UNUSED_VARIABLE = YES;
				IPHONEOS_DEPLOYMENT_TARGET = 7.0;
				MTL_ENABLE_DEBUG_INFO = NO;
				PROVISIONING_PROFILE = "ffa16f0c-8677-4850-aea6-516f36d6d8fa";
				SDKROOT = iphoneos;
				VALIDATE_PRODUCT = YES;
			};
			name = Release;
		};
		ED94012D1B96D467001BCE2D /* Debug */ = {
			isa = XCBuildConfiguration;
			buildSettings = {
				ASSETCATALOG_COMPILER_APPICON_NAME = AppIcon;
				ASSETCATALOG_COMPILER_LAUNCHIMAGE_NAME = LaunchImage;
				CLANG_ENABLE_MODULES = YES;
				CODE_SIGN_IDENTITY = "iPhone Developer";
				"CODE_SIGN_IDENTITY[sdk=iphoneos*]" = "iPhone Developer";
				INFOPLIST_FILE = "Senate News/Info.plist";
				IPHONEOS_DEPLOYMENT_TARGET = 7.0;
				LD_RUNPATH_SEARCH_PATHS = "$(inherited) @executable_path/Frameworks";
				PRODUCT_BUNDLE_IDENTIFIER = "com.kh4it.$(PRODUCT_NAME:rfc1034identifier)";
				PRODUCT_NAME = "$(TARGET_NAME)";
				PROVISIONING_PROFILE = "1a1d062a-2c58-4228-84ee-bfb45e739e4e";
				SWIFT_OBJC_BRIDGING_HEADER = "Senate News/Senate News-Bridging-Header.h";
				SWIFT_OPTIMIZATION_LEVEL = "-Onone";
				TARGETED_DEVICE_FAMILY = "1,2";
			};
			name = Debug;
		};
		ED94012E1B96D467001BCE2D /* Release */ = {
			isa = XCBuildConfiguration;
			buildSettings = {
				ASSETCATALOG_COMPILER_APPICON_NAME = AppIcon;
				ASSETCATALOG_COMPILER_LAUNCHIMAGE_NAME = LaunchImage;
				CLANG_ENABLE_MODULES = YES;
				CODE_SIGN_IDENTITY = "iPhone Developer";
				"CODE_SIGN_IDENTITY[sdk=iphoneos*]" = "iPhone Developer";
				INFOPLIST_FILE = "Senate News/Info.plist";
				IPHONEOS_DEPLOYMENT_TARGET = 7.0;
				LD_RUNPATH_SEARCH_PATHS = "$(inherited) @executable_path/Frameworks";
				PRODUCT_BUNDLE_IDENTIFIER = "com.kh4it.$(PRODUCT_NAME:rfc1034identifier)";
				PRODUCT_NAME = "$(TARGET_NAME)";
				PROVISIONING_PROFILE = "1a1d062a-2c58-4228-84ee-bfb45e739e4e";
				SWIFT_OBJC_BRIDGING_HEADER = "Senate News/Senate News-Bridging-Header.h";
				TARGETED_DEVICE_FAMILY = "1,2";
			};
			name = Release;
		};
		ED9401301B96D467001BCE2D /* Debug */ = {
			isa = XCBuildConfiguration;
			buildSettings = {
				BUNDLE_LOADER = "$(TEST_HOST)";
				CODE_SIGN_IDENTITY = "iPhone Developer";
				"CODE_SIGN_IDENTITY[sdk=iphoneos*]" = "iPhone Developer";
				FRAMEWORK_SEARCH_PATHS = (
					"$(SDKROOT)/Developer/Library/Frameworks",
					"$(inherited)",
				);
				GCC_PREPROCESSOR_DEFINITIONS = (
					"DEBUG=1",
					"$(inherited)",
				);
				INFOPLIST_FILE = "Senate NewsTests/Info.plist";
				IPHONEOS_DEPLOYMENT_TARGET = 7.0;
				LD_RUNPATH_SEARCH_PATHS = "$(inherited) @executable_path/Frameworks @loader_path/Frameworks";
				PRODUCT_BUNDLE_IDENTIFIER = "com.khmergits.$(PRODUCT_NAME:rfc1034identifier)";
				PRODUCT_NAME = "$(TARGET_NAME)";
				PROVISIONING_PROFILE = "";
				TEST_HOST = "$(BUILT_PRODUCTS_DIR)/Senate News.app/Senate News";
			};
			name = Debug;
		};
		ED9401311B96D467001BCE2D /* Release */ = {
			isa = XCBuildConfiguration;
			buildSettings = {
				BUNDLE_LOADER = "$(TEST_HOST)";
				CODE_SIGN_IDENTITY = "iPhone Developer";
				"CODE_SIGN_IDENTITY[sdk=iphoneos*]" = "iPhone Developer";
				FRAMEWORK_SEARCH_PATHS = (
					"$(SDKROOT)/Developer/Library/Frameworks",
					"$(inherited)",
				);
				INFOPLIST_FILE = "Senate NewsTests/Info.plist";
				IPHONEOS_DEPLOYMENT_TARGET = 7.0;
				LD_RUNPATH_SEARCH_PATHS = "$(inherited) @executable_path/Frameworks @loader_path/Frameworks";
				PRODUCT_BUNDLE_IDENTIFIER = "com.khmergits.$(PRODUCT_NAME:rfc1034identifier)";
				PRODUCT_NAME = "$(TARGET_NAME)";
				PROVISIONING_PROFILE = "";
				TEST_HOST = "$(BUILT_PRODUCTS_DIR)/Senate News.app/Senate News";
			};
			name = Release;
		};
/* End XCBuildConfiguration section */

/* Begin XCConfigurationList section */
		ED9401041B96D466001BCE2D /* Build configuration list for PBXProject "Senate News" */ = {
			isa = XCConfigurationList;
			buildConfigurations = (
				ED94012A1B96D467001BCE2D /* Debug */,
				ED94012B1B96D467001BCE2D /* Release */,
			);
			defaultConfigurationIsVisible = 0;
			defaultConfigurationName = Release;
		};
		ED94012C1B96D467001BCE2D /* Build configuration list for PBXNativeTarget "Senate News" */ = {
			isa = XCConfigurationList;
			buildConfigurations = (
				ED94012D1B96D467001BCE2D /* Debug */,
				ED94012E1B96D467001BCE2D /* Release */,
			);
			defaultConfigurationIsVisible = 0;
			defaultConfigurationName = Release;
		};
		ED94012F1B96D467001BCE2D /* Build configuration list for PBXNativeTarget "Senate NewsTests" */ = {
			isa = XCConfigurationList;
			buildConfigurations = (
				ED9401301B96D467001BCE2D /* Debug */,
				ED9401311B96D467001BCE2D /* Release */,
			);
			defaultConfigurationIsVisible = 0;
			defaultConfigurationName = Release;
		};
/* End XCConfigurationList section */
	};
	rootObject = ED9401011B96D466001BCE2D /* Project object */;
}
